// !$*UTF8*$!
{
	archiveVersion = 1;
	classes = {
	};
	objectVersion = 46;
	objects = {

/* Begin PBXBuildFile section */
		3864399614A9C08200E6133E /* ACAppDelegate.m in Sources */ = {isa = PBXBuildFile; fileRef = 3864399114A9C08200E6133E /* ACAppDelegate.m */; };
		3864399714A9C08200E6133E /* ACAppController.m in Sources */ = {isa = PBXBuildFile; fileRef = 3864399314A9C08200E6133E /* ACAppController.m */; };
		3864399814A9C08200E6133E /* ACAppController_iPhone.xib in Resources */ = {isa = PBXBuildFile; fileRef = 3864399414A9C08200E6133E /* ACAppController_iPhone.xib */; };
		3864399914A9C08200E6133E /* ACAppController_iPad.xib in Resources */ = {isa = PBXBuildFile; fileRef = 3864399514A9C08200E6133E /* ACAppController_iPad.xib */; };
		6A42701D14AC442B00F91472 /* TestUtility.m in Sources */ = {isa = PBXBuildFile; fileRef = 6A42701C14AC442B00F91472 /* TestUtility.m */; };
		6A42702414AC48B800F91472 /* SqliteDBManager.m in Sources */ = {isa = PBXBuildFile; fileRef = 6A42702314AC48B800F91472 /* SqliteDBManager.m */; };
		6A42702614AC4AA000F91472 /* libsqlite3.0.dylib in Frameworks */ = {isa = PBXBuildFile; fileRef = 6A42702514AC4AA000F91472 /* libsqlite3.0.dylib */; };
		6A42703514AC4E0100F91472 /* WorkshopSummary.plist in Resources */ = {isa = PBXBuildFile; fileRef = 6A42703414AC4E0100F91472 /* WorkshopSummary.plist */; };
		6A42703714AC4E6500F91472 /* icon_app.png in Resources */ = {isa = PBXBuildFile; fileRef = 6A42703614AC4E6500F91472 /* icon_app.png */; };
		6A9F7FA614A88F5300E3F55C /* UIKit.framework in Frameworks */ = {isa = PBXBuildFile; fileRef = 6A9F7FA514A88F5300E3F55C /* UIKit.framework */; };
		6A9F7FA814A88F5300E3F55C /* Foundation.framework in Frameworks */ = {isa = PBXBuildFile; fileRef = 6A9F7FA714A88F5300E3F55C /* Foundation.framework */; };
		6A9F7FAA14A88F5300E3F55C /* CoreGraphics.framework in Frameworks */ = {isa = PBXBuildFile; fileRef = 6A9F7FA914A88F5300E3F55C /* CoreGraphics.framework */; };
		6A9F7FB014A88F5300E3F55C /* InfoPlist.strings in Resources */ = {isa = PBXBuildFile; fileRef = 6A9F7FAE14A88F5300E3F55C /* InfoPlist.strings */; };
		6A9F7FB214A88F5300E3F55C /* main.m in Sources */ = {isa = PBXBuildFile; fileRef = 6A9F7FB114A88F5300E3F55C /* main.m */; };
		6A9F7FC714A88F5300E3F55C /* SenTestingKit.framework in Frameworks */ = {isa = PBXBuildFile; fileRef = 6A9F7FC614A88F5300E3F55C /* SenTestingKit.framework */; };
		6A9F7FC814A88F5300E3F55C /* UIKit.framework in Frameworks */ = {isa = PBXBuildFile; fileRef = 6A9F7FA514A88F5300E3F55C /* UIKit.framework */; };
		6A9F7FC914A88F5300E3F55C /* Foundation.framework in Frameworks */ = {isa = PBXBuildFile; fileRef = 6A9F7FA714A88F5300E3F55C /* Foundation.framework */; };
		6A9F7FD114A88F5300E3F55C /* InfoPlist.strings in Resources */ = {isa = PBXBuildFile; fileRef = 6A9F7FCF14A88F5300E3F55C /* InfoPlist.strings */; };
		6A9F7FD414A88F5300E3F55C /* AgileConferenceTests.m in Sources */ = {isa = PBXBuildFile; fileRef = 6A9F7FD314A88F5300E3F55C /* AgileConferenceTests.m */; };
		6ACCECA814A9D0CE00015E87 /* ACCustomRootViewController.m in Sources */ = {isa = PBXBuildFile; fileRef = 6ACCECA614A9D0CE00015E87 /* ACCustomRootViewController.m */; };
		6ACCECA914A9D0CE00015E87 /* ACCustomRootViewController.xib in Resources */ = {isa = PBXBuildFile; fileRef = 6ACCECA714A9D0CE00015E87 /* ACCustomRootViewController.xib */; };
		6AE5515814A9DEBB00391597 /* ACAppSetting.m in Sources */ = {isa = PBXBuildFile; fileRef = 6AE5515714A9DEBB00391597 /* ACAppSetting.m */; };
		6AE5516414A9EB4200391597 /* CFNetwork.framework in Frameworks */ = {isa = PBXBuildFile; fileRef = 6AE5516314A9EB4200391597 /* CFNetwork.framework */; };
		6AE5516614A9EB8C00391597 /* SystemConfiguration.framework in Frameworks */ = {isa = PBXBuildFile; fileRef = 6AE5516514A9EB8B00391597 /* SystemConfiguration.framework */; };
		6AE5516814A9EBA100391597 /* MobileCoreServices.framework in Frameworks */ = {isa = PBXBuildFile; fileRef = 6AE5516714A9EBA100391597 /* MobileCoreServices.framework */; };
		6AE5516A14A9EF8000391597 /* CoreFoundation.framework in Frameworks */ = {isa = PBXBuildFile; fileRef = 6AE5516914A9EF8000391597 /* CoreFoundation.framework */; };
		C5E0E82E14AAB0C20084FA2F /* CommonUtility.m in Sources */ = {isa = PBXBuildFile; fileRef = C5E0E82B14AAB0C20084FA2F /* CommonUtility.m */; };
		C5E0E82F14AAB0C20084FA2F /* ViewUtility.m in Sources */ = {isa = PBXBuildFile; fileRef = C5E0E82D14AAB0C20084FA2F /* ViewUtility.m */; };
		C5E0E83F14AAB2F10084FA2F /* ACNetworkHandler.m in Sources */ = {isa = PBXBuildFile; fileRef = C5E0E83E14AAB2F10084FA2F /* ACNetworkHandler.m */; };
		C5E0E84214AAB3330084FA2F /* ACXMLParser.m in Sources */ = {isa = PBXBuildFile; fileRef = C5E0E84114AAB3330084FA2F /* ACXMLParser.m */; };
		C5E0E85014AAB4360084FA2F /* ACOrganiser.m in Sources */ = {isa = PBXBuildFile; fileRef = C5E0E84F14AAB4360084FA2F /* ACOrganiser.m */; };
/* End PBXBuildFile section */

/* Begin PBXContainerItemProxy section */
		6A9F7FCA14A88F5300E3F55C /* PBXContainerItemProxy */ = {
			isa = PBXContainerItemProxy;
			containerPortal = 6A9F7F9814A88F5300E3F55C /* Project object */;
			proxyType = 1;
			remoteGlobalIDString = 6A9F7FA014A88F5300E3F55C;
			remoteInfo = AgileConference;
		};
/* End PBXContainerItemProxy section */

/* Begin PBXFileReference section */
		3864399014A9C08200E6133E /* ACAppDelegate.h */ = {isa = PBXFileReference; fileEncoding = 4; lastKnownFileType = sourcecode.c.h; path = ACAppDelegate.h; sourceTree = "<group>"; };
		3864399114A9C08200E6133E /* ACAppDelegate.m */ = {isa = PBXFileReference; fileEncoding = 4; lastKnownFileType = sourcecode.c.objc; path = ACAppDelegate.m; sourceTree = "<group>"; };
		3864399214A9C08200E6133E /* ACAppController.h */ = {isa = PBXFileReference; fileEncoding = 4; lastKnownFileType = sourcecode.c.h; path = ACAppController.h; sourceTree = "<group>"; };
		3864399314A9C08200E6133E /* ACAppController.m */ = {isa = PBXFileReference; fileEncoding = 4; lastKnownFileType = sourcecode.c.objc; path = ACAppController.m; sourceTree = "<group>"; };
		3864399414A9C08200E6133E /* ACAppController_iPhone.xib */ = {isa = PBXFileReference; fileEncoding = 4; lastKnownFileType = file.xib; path = ACAppController_iPhone.xib; sourceTree = "<group>"; };
		3864399514A9C08200E6133E /* ACAppController_iPad.xib */ = {isa = PBXFileReference; fileEncoding = 4; lastKnownFileType = file.xib; path = ACAppController_iPad.xib; sourceTree = "<group>"; };
		387EDDF014AAF16A00F5B9FF /* ACAppConstants.h */ = {isa = PBXFileReference; fileEncoding = 4; lastKnownFileType = sourcecode.c.h; path = ACAppConstants.h; sourceTree = "<group>"; };
		6A42701B14AC442B00F91472 /* TestUtility.h */ = {isa = PBXFileReference; fileEncoding = 4; lastKnownFileType = sourcecode.c.h; path = TestUtility.h; sourceTree = "<group>"; };
		6A42701C14AC442B00F91472 /* TestUtility.m */ = {isa = PBXFileReference; fileEncoding = 4; lastKnownFileType = sourcecode.c.objc; path = TestUtility.m; sourceTree = "<group>"; };
		6A42702214AC48B800F91472 /* SqliteDBManager.h */ = {isa = PBXFileReference; fileEncoding = 4; lastKnownFileType = sourcecode.c.h; path = SqliteDBManager.h; sourceTree = "<group>"; };
		6A42702314AC48B800F91472 /* SqliteDBManager.m */ = {isa = PBXFileReference; fileEncoding = 4; lastKnownFileType = sourcecode.c.objc; path = SqliteDBManager.m; sourceTree = "<group>"; };
		6A42702514AC4AA000F91472 /* libsqlite3.0.dylib */ = {isa = PBXFileReference; lastKnownFileType = "compiled.mach-o.dylib"; name = libsqlite3.0.dylib; path = usr/lib/libsqlite3.0.dylib; sourceTree = SDKROOT; };
		6A42703414AC4E0100F91472 /* WorkshopSummary.plist */ = {isa = PBXFileReference; fileEncoding = 4; lastKnownFileType = text.plist.xml; path = WorkshopSummary.plist; sourceTree = "<group>"; };
		6A42703614AC4E6500F91472 /* icon_app.png */ = {isa = PBXFileReference; lastKnownFileType = image.png; path = icon_app.png; sourceTree = "<group>"; };
		6A9F7FA114A88F5300E3F55C /* AgileConference.app */ = {isa = PBXFileReference; explicitFileType = wrapper.application; includeInIndex = 0; path = AgileConference.app; sourceTree = BUILT_PRODUCTS_DIR; };
		6A9F7FA514A88F5300E3F55C /* UIKit.framework */ = {isa = PBXFileReference; lastKnownFileType = wrapper.framework; name = UIKit.framework; path = System/Library/Frameworks/UIKit.framework; sourceTree = SDKROOT; };
		6A9F7FA714A88F5300E3F55C /* Foundation.framework */ = {isa = PBXFileReference; lastKnownFileType = wrapper.framework; name = Foundation.framework; path = System/Library/Frameworks/Foundation.framework; sourceTree = SDKROOT; };
		6A9F7FA914A88F5300E3F55C /* CoreGraphics.framework */ = {isa = PBXFileReference; lastKnownFileType = wrapper.framework; name = CoreGraphics.framework; path = System/Library/Frameworks/CoreGraphics.framework; sourceTree = SDKROOT; };
		6A9F7FAD14A88F5300E3F55C /* AgileConference-Info.plist */ = {isa = PBXFileReference; lastKnownFileType = text.plist.xml; path = "AgileConference-Info.plist"; sourceTree = "<group>"; };
		6A9F7FAF14A88F5300E3F55C /* en */ = {isa = PBXFileReference; lastKnownFileType = text.plist.strings; name = en; path = en.lproj/InfoPlist.strings; sourceTree = "<group>"; };
		6A9F7FB114A88F5300E3F55C /* main.m */ = {isa = PBXFileReference; lastKnownFileType = sourcecode.c.objc; path = main.m; sourceTree = "<group>"; };
		6A9F7FB314A88F5300E3F55C /* AgileConference-Prefix.pch */ = {isa = PBXFileReference; lastKnownFileType = sourcecode.c.h; path = "AgileConference-Prefix.pch"; sourceTree = "<group>"; };
		6A9F7FC514A88F5300E3F55C /* AgileConferenceTests.octest */ = {isa = PBXFileReference; explicitFileType = wrapper.cfbundle; includeInIndex = 0; path = AgileConferenceTests.octest; sourceTree = BUILT_PRODUCTS_DIR; };
		6A9F7FC614A88F5300E3F55C /* SenTestingKit.framework */ = {isa = PBXFileReference; lastKnownFileType = wrapper.framework; name = SenTestingKit.framework; path = Library/Frameworks/SenTestingKit.framework; sourceTree = DEVELOPER_DIR; };
		6A9F7FCE14A88F5300E3F55C /* AgileConferenceTests-Info.plist */ = {isa = PBXFileReference; lastKnownFileType = text.plist.xml; path = "AgileConferenceTests-Info.plist"; sourceTree = "<group>"; };
		6A9F7FD014A88F5300E3F55C /* en */ = {isa = PBXFileReference; lastKnownFileType = text.plist.strings; name = en; path = en.lproj/InfoPlist.strings; sourceTree = "<group>"; };
		6A9F7FD214A88F5300E3F55C /* AgileConferenceTests.h */ = {isa = PBXFileReference; lastKnownFileType = sourcecode.c.h; path = AgileConferenceTests.h; sourceTree = "<group>"; };
		6A9F7FD314A88F5300E3F55C /* AgileConferenceTests.m */ = {isa = PBXFileReference; lastKnownFileType = sourcecode.c.objc; path = AgileConferenceTests.m; sourceTree = "<group>"; };
		6ACCECA514A9D0CE00015E87 /* ACCustomRootViewController.h */ = {isa = PBXFileReference; fileEncoding = 4; lastKnownFileType = sourcecode.c.h; path = ACCustomRootViewController.h; sourceTree = "<group>"; };
		6ACCECA614A9D0CE00015E87 /* ACCustomRootViewController.m */ = {isa = PBXFileReference; fileEncoding = 4; lastKnownFileType = sourcecode.c.objc; path = ACCustomRootViewController.m; sourceTree = "<group>"; };
		6ACCECA714A9D0CE00015E87 /* ACCustomRootViewController.xib */ = {isa = PBXFileReference; fileEncoding = 4; lastKnownFileType = file.xib; path = ACCustomRootViewController.xib; sourceTree = "<group>"; };
		6AE5515614A9DEBB00391597 /* ACAppSetting.h */ = {isa = PBXFileReference; fileEncoding = 4; lastKnownFileType = sourcecode.c.h; path = ACAppSetting.h; sourceTree = "<group>"; };
		6AE5515714A9DEBB00391597 /* ACAppSetting.m */ = {isa = PBXFileReference; fileEncoding = 4; lastKnownFileType = sourcecode.c.objc; path = ACAppSetting.m; sourceTree = "<group>"; };
		6AE5516314A9EB4200391597 /* CFNetwork.framework */ = {isa = PBXFileReference; lastKnownFileType = wrapper.framework; name = CFNetwork.framework; path = System/Library/Frameworks/CFNetwork.framework; sourceTree = SDKROOT; };
		6AE5516514A9EB8B00391597 /* SystemConfiguration.framework */ = {isa = PBXFileReference; lastKnownFileType = wrapper.framework; name = SystemConfiguration.framework; path = System/Library/Frameworks/SystemConfiguration.framework; sourceTree = SDKROOT; };
		6AE5516714A9EBA100391597 /* MobileCoreServices.framework */ = {isa = PBXFileReference; lastKnownFileType = wrapper.framework; name = MobileCoreServices.framework; path = System/Library/Frameworks/MobileCoreServices.framework; sourceTree = SDKROOT; };
		6AE5516914A9EF8000391597 /* CoreFoundation.framework */ = {isa = PBXFileReference; lastKnownFileType = wrapper.framework; name = CoreFoundation.framework; path = System/Library/Frameworks/CoreFoundation.framework; sourceTree = SDKROOT; };
		C5E0E82A14AAB0C20084FA2F /* CommonUtility.h */ = {isa = PBXFileReference; fileEncoding = 4; lastKnownFileType = sourcecode.c.h; path = CommonUtility.h; sourceTree = "<group>"; };
		C5E0E82B14AAB0C20084FA2F /* CommonUtility.m */ = {isa = PBXFileReference; fileEncoding = 4; lastKnownFileType = sourcecode.c.objc; path = CommonUtility.m; sourceTree = "<group>"; };
		C5E0E82C14AAB0C20084FA2F /* ViewUtility.h */ = {isa = PBXFileReference; fileEncoding = 4; lastKnownFileType = sourcecode.c.h; path = ViewUtility.h; sourceTree = "<group>"; };
		C5E0E82D14AAB0C20084FA2F /* ViewUtility.m */ = {isa = PBXFileReference; fileEncoding = 4; lastKnownFileType = sourcecode.c.objc; path = ViewUtility.m; sourceTree = "<group>"; };
		C5E0E83814AAB2440084FA2F /* ACCommonDelegate.h */ = {isa = PBXFileReference; fileEncoding = 4; lastKnownFileType = sourcecode.c.h; path = ACCommonDelegate.h; sourceTree = "<group>"; };
		C5E0E83D14AAB2F10084FA2F /* ACNetworkHandler.h */ = {isa = PBXFileReference; fileEncoding = 4; lastKnownFileType = sourcecode.c.h; path = ACNetworkHandler.h; sourceTree = "<group>"; };
		C5E0E83E14AAB2F10084FA2F /* ACNetworkHandler.m */ = {isa = PBXFileReference; fileEncoding = 4; lastKnownFileType = sourcecode.c.objc; path = ACNetworkHandler.m; sourceTree = "<group>"; };
		C5E0E84014AAB3330084FA2F /* ACXMLParser.h */ = {isa = PBXFileReference; fileEncoding = 4; lastKnownFileType = sourcecode.c.h; path = ACXMLParser.h; sourceTree = "<group>"; };
		C5E0E84114AAB3330084FA2F /* ACXMLParser.m */ = {isa = PBXFileReference; fileEncoding = 4; lastKnownFileType = sourcecode.c.objc; path = ACXMLParser.m; sourceTree = "<group>"; };
		C5E0E84E14AAB4360084FA2F /* ACOrganiser.h */ = {isa = PBXFileReference; fileEncoding = 4; lastKnownFileType = sourcecode.c.h; path = ACOrganiser.h; sourceTree = "<group>"; };
		C5E0E84F14AAB4360084FA2F /* ACOrganiser.m */ = {isa = PBXFileReference; fileEncoding = 4; lastKnownFileType = sourcecode.c.objc; path = ACOrganiser.m; sourceTree = "<group>"; };
/* End PBXFileReference section */

/* Begin PBXFrameworksBuildPhase section */
		6A9F7F9E14A88F5300E3F55C /* Frameworks */ = {
			isa = PBXFrameworksBuildPhase;
			buildActionMask = 2147483647;
			files = (
				6A42702614AC4AA000F91472 /* libsqlite3.0.dylib in Frameworks */,
				6AE5516A14A9EF8000391597 /* CoreFoundation.framework in Frameworks */,
				6AE5516814A9EBA100391597 /* MobileCoreServices.framework in Frameworks */,
				6AE5516614A9EB8C00391597 /* SystemConfiguration.framework in Frameworks */,
				6AE5516414A9EB4200391597 /* CFNetwork.framework in Frameworks */,
				6A9F7FA614A88F5300E3F55C /* UIKit.framework in Frameworks */,
				6A9F7FA814A88F5300E3F55C /* Foundation.framework in Frameworks */,
				6A9F7FAA14A88F5300E3F55C /* CoreGraphics.framework in Frameworks */,
			);
			runOnlyForDeploymentPostprocessing = 0;
		};
		6A9F7FC114A88F5300E3F55C /* Frameworks */ = {
			isa = PBXFrameworksBuildPhase;
			buildActionMask = 2147483647;
			files = (
				6A9F7FC714A88F5300E3F55C /* SenTestingKit.framework in Frameworks */,
				6A9F7FC814A88F5300E3F55C /* UIKit.framework in Frameworks */,
				6A9F7FC914A88F5300E3F55C /* Foundation.framework in Frameworks */,
			);
			runOnlyForDeploymentPostprocessing = 0;
		};
/* End PBXFrameworksBuildPhase section */

/* Begin PBXGroup section */
		387EDDE514AAEDA400F5B9FF /* iPad */ = {
			isa = PBXGroup;
			children = (
			);
			path = iPad;
			sourceTree = "<group>";
		};
		387EDDE614AAEDA400F5B9FF /* iPhone */ = {
			isa = PBXGroup;
			children = (
			);
			path = iPhone;
			sourceTree = "<group>";
		};
		387EDDEA14AAEDD400F5B9FF /* UIViews */ = {
			isa = PBXGroup;
			children = (
				387EDDEB14AAEDD400F5B9FF /* iPad */,
				387EDDEC14AAEDD400F5B9FF /* iPhone */,
			);
			path = UIViews;
			sourceTree = "<group>";
		};
		387EDDEB14AAEDD400F5B9FF /* iPad */ = {
			isa = PBXGroup;
			children = (
			);
			path = iPad;
			sourceTree = "<group>";
		};
		387EDDEC14AAEDD400F5B9FF /* iPhone */ = {
			isa = PBXGroup;
			children = (
			);
			path = iPhone;
			sourceTree = "<group>";
		};
		387EDDEE14AAEE8A00F5B9FF /* SupportingLibraries */ = {
			isa = PBXGroup;
			children = (
			);
			path = SupportingLibraries;
			sourceTree = "<group>";
		};
		387EDDEF14AAF14100F5B9FF /* Constants */ = {
			isa = PBXGroup;
			children = (
				387EDDF014AAF16A00F5B9FF /* ACAppConstants.h */,
			);
			path = Constants;
			sourceTree = "<group>";
		};
		6A42702B14AC4D9900F91472 /* AppResources */ = {
			isa = PBXGroup;
			children = (
				6A42702C14AC4D9900F91472 /* Database */,
				6A42702D14AC4D9900F91472 /* Files */,
				6A42702E14AC4D9900F91472 /* Images */,
				6A42702F14AC4D9900F91472 /* plist */,
			);
			path = AppResources;
			sourceTree = "<group>";
		};
		6A42702C14AC4D9900F91472 /* Database */ = {
			isa = PBXGroup;
			children = (
			);
			path = Database;
			sourceTree = "<group>";
		};
		6A42702D14AC4D9900F91472 /* Files */ = {
			isa = PBXGroup;
			children = (
			);
			path = Files;
			sourceTree = "<group>";
		};
		6A42702E14AC4D9900F91472 /* Images */ = {
			isa = PBXGroup;
			children = (
				6A42703614AC4E6500F91472 /* icon_app.png */,
			);
			path = Images;
			sourceTree = "<group>";
		};
		6A42702F14AC4D9900F91472 /* plist */ = {
			isa = PBXGroup;
			children = (
				6A42703414AC4E0100F91472 /* WorkshopSummary.plist */,
			);
			path = plist;
			sourceTree = "<group>";
		};
		6A9F7F9614A88F5300E3F55C = {
			isa = PBXGroup;
			children = (
				6A9F7FAB14A88F5300E3F55C /* AgileConference */,
				6A9F7FCC14A88F5300E3F55C /* AgileConferenceTests */,
				6A9F7FA414A88F5300E3F55C /* Frameworks */,
				6A9F7FA214A88F5300E3F55C /* Products */,
			);
			sourceTree = "<group>";
		};
		6A9F7FA214A88F5300E3F55C /* Products */ = {
			isa = PBXGroup;
			children = (
				6A9F7FA114A88F5300E3F55C /* AgileConference.app */,
				6A9F7FC514A88F5300E3F55C /* AgileConferenceTests.octest */,
			);
			name = Products;
			sourceTree = "<group>";
		};
		6A9F7FA414A88F5300E3F55C /* Frameworks */ = {
			isa = PBXGroup;
			children = (
				6A42702514AC4AA000F91472 /* libsqlite3.0.dylib */,
				6AE5516914A9EF8000391597 /* CoreFoundation.framework */,
				6AE5516714A9EBA100391597 /* MobileCoreServices.framework */,
				6AE5516514A9EB8B00391597 /* SystemConfiguration.framework */,
				6AE5516314A9EB4200391597 /* CFNetwork.framework */,
				6A9F7FA514A88F5300E3F55C /* UIKit.framework */,
				6A9F7FA714A88F5300E3F55C /* Foundation.framework */,
				6A9F7FA914A88F5300E3F55C /* CoreGraphics.framework */,
				6A9F7FC614A88F5300E3F55C /* SenTestingKit.framework */,
			);
			name = Frameworks;
			sourceTree = "<group>";
		};
		6A9F7FAB14A88F5300E3F55C /* AgileConference */ = {
			isa = PBXGroup;
			children = (
				6A42702B14AC4D9900F91472 /* AppResources */,
				6ACCEC7614A9979E00015E87 /* AppController */,
				C5E0E83614AAB2440084FA2F /* UIViewControllers */,
				387EDDEA14AAEDD400F5B9FF /* UIViews */,
				C5E0E83214AAB2440084FA2F /* Network */,
				C5E0E83314AAB2440084FA2F /* Parser */,
				C5E0E83414AAB2440084FA2F /* Business */,
				C5E0E83714AAB2440084FA2F /* Delegates */,
				C5E0E82414AAAEF70084FA2F /* Utilities */,
				387EDDEF14AAF14100F5B9FF /* Constants */,
				6AE5515514A9DE5D00391597 /* AppSettings */,
				387EDDEE14AAEE8A00F5B9FF /* SupportingLibraries */,
				6A9F7FAC14A88F5300E3F55C /* Supporting Files */,
			);
			path = AgileConference;
			sourceTree = "<group>";
		};
		6A9F7FAC14A88F5300E3F55C /* Supporting Files */ = {
			isa = PBXGroup;
			children = (
				6A9F7FAD14A88F5300E3F55C /* AgileConference-Info.plist */,
				6A9F7FAE14A88F5300E3F55C /* InfoPlist.strings */,
				6A9F7FB114A88F5300E3F55C /* main.m */,
				6A9F7FB314A88F5300E3F55C /* AgileConference-Prefix.pch */,
			);
			name = "Supporting Files";
			sourceTree = "<group>";
		};
		6A9F7FCC14A88F5300E3F55C /* AgileConferenceTests */ = {
			isa = PBXGroup;
			children = (
				6A9F7FD214A88F5300E3F55C /* AgileConferenceTests.h */,
				6A9F7FD314A88F5300E3F55C /* AgileConferenceTests.m */,
				6A9F7FCD14A88F5300E3F55C /* Supporting Files */,
			);
			path = AgileConferenceTests;
			sourceTree = "<group>";
		};
		6A9F7FCD14A88F5300E3F55C /* Supporting Files */ = {
			isa = PBXGroup;
			children = (
				6A9F7FCE14A88F5300E3F55C /* AgileConferenceTests-Info.plist */,
				6A9F7FCF14A88F5300E3F55C /* InfoPlist.strings */,
			);
			name = "Supporting Files";
			sourceTree = "<group>";
		};
		6ACCEC7614A9979E00015E87 /* AppController */ = {
			isa = PBXGroup;
			children = (
				3864399014A9C08200E6133E /* ACAppDelegate.h */,
				3864399114A9C08200E6133E /* ACAppDelegate.m */,
				6ACCECA514A9D0CE00015E87 /* ACCustomRootViewController.h */,
				6ACCECA614A9D0CE00015E87 /* ACCustomRootViewController.m */,
				6ACCECA714A9D0CE00015E87 /* ACCustomRootViewController.xib */,
				3864399214A9C08200E6133E /* ACAppController.h */,
				3864399314A9C08200E6133E /* ACAppController.m */,
				3864399414A9C08200E6133E /* ACAppController_iPhone.xib */,
				3864399514A9C08200E6133E /* ACAppController_iPad.xib */,
			);
			path = AppController;
			sourceTree = "<group>";
		};
		6AE5515514A9DE5D00391597 /* AppSettings */ = {
			isa = PBXGroup;
			children = (
				6AE5515614A9DEBB00391597 /* ACAppSetting.h */,
				6AE5515714A9DEBB00391597 /* ACAppSetting.m */,
			);
			path = AppSettings;
			sourceTree = "<group>";
		};
		C5E0E82414AAAEF70084FA2F /* Utilities */ = {
			isa = PBXGroup;
			children = (
				6A42702214AC48B800F91472 /* SqliteDBManager.h */,
				6A42702314AC48B800F91472 /* SqliteDBManager.m */,
				C5E0E82A14AAB0C20084FA2F /* CommonUtility.h */,
				C5E0E82B14AAB0C20084FA2F /* CommonUtility.m */,
				C5E0E82C14AAB0C20084FA2F /* ViewUtility.h */,
				C5E0E82D14AAB0C20084FA2F /* ViewUtility.m */,
				6A42701B14AC442B00F91472 /* TestUtility.h */,
				6A42701C14AC442B00F91472 /* TestUtility.m */,
			);
			path = Utilities;
			sourceTree = "<group>";
		};
		C5E0E83214AAB2440084FA2F /* Network */ = {
			isa = PBXGroup;
			children = (
				C5E0E83D14AAB2F10084FA2F /* ACNetworkHandler.h */,
				C5E0E83E14AAB2F10084FA2F /* ACNetworkHandler.m */,
			);
			path = Network;
			sourceTree = "<group>";
		};
		C5E0E83314AAB2440084FA2F /* Parser */ = {
			isa = PBXGroup;
			children = (
				C5E0E84014AAB3330084FA2F /* ACXMLParser.h */,
				C5E0E84114AAB3330084FA2F /* ACXMLParser.m */,
			);
			path = Parser;
			sourceTree = "<group>";
		};
		C5E0E83414AAB2440084FA2F /* Business */ = {
			isa = PBXGroup;
			children = (
				C5E0E84E14AAB4360084FA2F /* ACOrganiser.h */,
				C5E0E84F14AAB4360084FA2F /* ACOrganiser.m */,
			);
			path = Business;
			sourceTree = "<group>";
		};
		C5E0E83614AAB2440084FA2F /* UIViewControllers */ = {
			isa = PBXGroup;
			children = (
				387EDDE514AAEDA400F5B9FF /* iPad */,
				387EDDE614AAEDA400F5B9FF /* iPhone */,
			);
			path = UIViewControllers;
			sourceTree = "<group>";
		};
		C5E0E83714AAB2440084FA2F /* Delegates */ = {
			isa = PBXGroup;
			children = (
				C5E0E83814AAB2440084FA2F /* ACCommonDelegate.h */,
			);
			path = Delegates;
			sourceTree = "<group>";
		};
/* End PBXGroup section */

/* Begin PBXNativeTarget section */
		6A9F7FA014A88F5300E3F55C /* AgileConference */ = {
			isa = PBXNativeTarget;
			buildConfigurationList = 6A9F7FD714A88F5300E3F55C /* Build configuration list for PBXNativeTarget "AgileConference" */;
			buildPhases = (
				6A9F7F9D14A88F5300E3F55C /* Sources */,
				6A9F7F9E14A88F5300E3F55C /* Frameworks */,
				6A9F7F9F14A88F5300E3F55C /* Resources */,
			);
			buildRules = (
			);
			dependencies = (
			);
			name = AgileConference;
			productName = AgileConference;
			productReference = 6A9F7FA114A88F5300E3F55C /* AgileConference.app */;
			productType = "com.apple.product-type.application";
		};
		6A9F7FC414A88F5300E3F55C /* AgileConferenceTests */ = {
			isa = PBXNativeTarget;
			buildConfigurationList = 6A9F7FDA14A88F5300E3F55C /* Build configuration list for PBXNativeTarget "AgileConferenceTests" */;
			buildPhases = (
				6A9F7FC014A88F5300E3F55C /* Sources */,
				6A9F7FC114A88F5300E3F55C /* Frameworks */,
				6A9F7FC214A88F5300E3F55C /* Resources */,
				6A9F7FC314A88F5300E3F55C /* ShellScript */,
			);
			buildRules = (
			);
			dependencies = (
				6A9F7FCB14A88F5300E3F55C /* PBXTargetDependency */,
			);
			name = AgileConferenceTests;
			productName = AgileConferenceTests;
			productReference = 6A9F7FC514A88F5300E3F55C /* AgileConferenceTests.octest */;
			productType = "com.apple.product-type.bundle";
		};
/* End PBXNativeTarget section */

/* Begin PBXProject section */
		6A9F7F9814A88F5300E3F55C /* Project object */ = {
			isa = PBXProject;
			attributes = {
				LastUpgradeCheck = 0420;
				ORGANIZATIONNAME = "Valtech India";
			};
			buildConfigurationList = 6A9F7F9B14A88F5300E3F55C /* Build configuration list for PBXProject "AgileConference" */;
			compatibilityVersion = "Xcode 3.2";
			developmentRegion = English;
			hasScannedForEncodings = 0;
			knownRegions = (
				en,
			);
			mainGroup = 6A9F7F9614A88F5300E3F55C;
			productRefGroup = 6A9F7FA214A88F5300E3F55C /* Products */;
			projectDirPath = "";
			projectRoot = "";
			targets = (
				6A9F7FA014A88F5300E3F55C /* AgileConference */,
				6A9F7FC414A88F5300E3F55C /* AgileConferenceTests */,
			);
		};
/* End PBXProject section */

/* Begin PBXResourcesBuildPhase section */
		6A9F7F9F14A88F5300E3F55C /* Resources */ = {
			isa = PBXResourcesBuildPhase;
			buildActionMask = 2147483647;
			files = (
				6A9F7FB014A88F5300E3F55C /* InfoPlist.strings in Resources */,
				3864399814A9C08200E6133E /* ACAppController_iPhone.xib in Resources */,
				3864399914A9C08200E6133E /* ACAppController_iPad.xib in Resources */,
				6ACCECA914A9D0CE00015E87 /* ACCustomRootViewController.xib in Resources */,
				6A42703514AC4E0100F91472 /* WorkshopSummary.plist in Resources */,
				6A42703714AC4E6500F91472 /* icon_app.png in Resources */,
			);
			runOnlyForDeploymentPostprocessing = 0;
		};
		6A9F7FC214A88F5300E3F55C /* Resources */ = {
			isa = PBXResourcesBuildPhase;
			buildActionMask = 2147483647;
			files = (
				6A9F7FD114A88F5300E3F55C /* InfoPlist.strings in Resources */,
			);
			runOnlyForDeploymentPostprocessing = 0;
		};
/* End PBXResourcesBuildPhase section */

/* Begin PBXShellScriptBuildPhase section */
		6A9F7FC314A88F5300E3F55C /* ShellScript */ = {
			isa = PBXShellScriptBuildPhase;
			buildActionMask = 2147483647;
			files = (
			);
			inputPaths = (
			);
			outputPaths = (
			);
			runOnlyForDeploymentPostprocessing = 0;
			shellPath = /bin/sh;
			shellScript = "# Run the unit tests in this test bundle.\n\"${SYSTEM_DEVELOPER_DIR}/Tools/RunUnitTests\"\n";
		};
/* End PBXShellScriptBuildPhase section */

/* Begin PBXSourcesBuildPhase section */
		6A9F7F9D14A88F5300E3F55C /* Sources */ = {
			isa = PBXSourcesBuildPhase;
			buildActionMask = 2147483647;
			files = (
				6A9F7FB214A88F5300E3F55C /* main.m in Sources */,
				3864399614A9C08200E6133E /* ACAppDelegate.m in Sources */,
				3864399714A9C08200E6133E /* ACAppController.m in Sources */,
				6ACCECA814A9D0CE00015E87 /* ACCustomRootViewController.m in Sources */,
				6AE5515814A9DEBB00391597 /* ACAppSetting.m in Sources */,
				C5E0E82E14AAB0C20084FA2F /* CommonUtility.m in Sources */,
				C5E0E82F14AAB0C20084FA2F /* ViewUtility.m in Sources */,
				C5E0E83F14AAB2F10084FA2F /* ACNetworkHandler.m in Sources */,
				C5E0E84214AAB3330084FA2F /* ACXMLParser.m in Sources */,
				C5E0E85014AAB4360084FA2F /* ACOrganiser.m in Sources */,
				6A42701D14AC442B00F91472 /* TestUtility.m in Sources */,
				6A42702414AC48B800F91472 /* SqliteDBManager.m in Sources */,
			);
			runOnlyForDeploymentPostprocessing = 0;
		};
		6A9F7FC014A88F5300E3F55C /* Sources */ = {
			isa = PBXSourcesBuildPhase;
			buildActionMask = 2147483647;
			files = (
				6A9F7FD414A88F5300E3F55C /* AgileConferenceTests.m in Sources */,
			);
			runOnlyForDeploymentPostprocessing = 0;
		};
/* End PBXSourcesBuildPhase section */

/* Begin PBXTargetDependency section */
		6A9F7FCB14A88F5300E3F55C /* PBXTargetDependency */ = {
			isa = PBXTargetDependency;
			target = 6A9F7FA014A88F5300E3F55C /* AgileConference */;
			targetProxy = 6A9F7FCA14A88F5300E3F55C /* PBXContainerItemProxy */;
		};
/* End PBXTargetDependency section */

/* Begin PBXVariantGroup section */
		6A9F7FAE14A88F5300E3F55C /* InfoPlist.strings */ = {
			isa = PBXVariantGroup;
			children = (
				6A9F7FAF14A88F5300E3F55C /* en */,
			);
			name = InfoPlist.strings;
			sourceTree = "<group>";
		};
		6A9F7FCF14A88F5300E3F55C /* InfoPlist.strings */ = {
			isa = PBXVariantGroup;
			children = (
				6A9F7FD014A88F5300E3F55C /* en */,
			);
			name = InfoPlist.strings;
			sourceTree = "<group>";
		};
/* End PBXVariantGroup section */

/* Begin XCBuildConfiguration section */
		6A9F7FD514A88F5300E3F55C /* Debug */ = {
			isa = XCBuildConfiguration;
			buildSettings = {
				ALWAYS_SEARCH_USER_PATHS = NO;
				ARCHS = "$(ARCHS_STANDARD_32_BIT)";
				CLANG_ENABLE_OBJC_ARC = YES;
				"CODE_SIGN_IDENTITY[sdk=iphoneos*]" = "iPhone Developer";
				COPY_PHASE_STRIP = NO;
				GCC_C_LANGUAGE_STANDARD = gnu99;
				GCC_DYNAMIC_NO_PIC = NO;
				GCC_OPTIMIZATION_LEVEL = 0;
				GCC_PREPROCESSOR_DEFINITIONS = (
					"DEBUG=1",
					"$(inherited)",
				);
				GCC_SYMBOLS_PRIVATE_EXTERN = NO;
				GCC_VERSION = com.apple.compilers.llvm.clang.1_0;
				GCC_WARN_ABOUT_MISSING_PROTOTYPES = YES;
				GCC_WARN_ABOUT_RETURN_TYPE = YES;
				GCC_WARN_UNUSED_VARIABLE = YES;
				IPHONEOS_DEPLOYMENT_TARGET = 5.0;
				SDKROOT = iphoneos;
				TARGETED_DEVICE_FAMILY = "1,2";
			};
			name = Debug;
		};
		6A9F7FD614A88F5300E3F55C /* Release */ = {
			isa = XCBuildConfiguration;
			buildSettings = {
				ALWAYS_SEARCH_USER_PATHS = NO;
				ARCHS = "$(ARCHS_STANDARD_32_BIT)";
				CLANG_ENABLE_OBJC_ARC = YES;
				"CODE_SIGN_IDENTITY[sdk=iphoneos*]" = "iPhone Developer";
				COPY_PHASE_STRIP = YES;
				GCC_C_LANGUAGE_STANDARD = gnu99;
				GCC_VERSION = com.apple.compilers.llvm.clang.1_0;
				GCC_WARN_ABOUT_MISSING_PROTOTYPES = YES;
				GCC_WARN_ABOUT_RETURN_TYPE = YES;
				GCC_WARN_UNUSED_VARIABLE = YES;
				IPHONEOS_DEPLOYMENT_TARGET = 5.0;
				OTHER_CFLAGS = "-DNS_BLOCK_ASSERTIONS=1";
				SDKROOT = iphoneos;
				TARGETED_DEVICE_FAMILY = "1,2";
				VALIDATE_PRODUCT = YES;
			};
			name = Release;
		};
		6A9F7FD814A88F5300E3F55C /* Debug */ = {
			isa = XCBuildConfiguration;
			buildSettings = {
				GCC_PRECOMPILE_PREFIX_HEADER = YES;
				GCC_PREFIX_HEADER = "AgileConference/AgileConference-Prefix.pch";
				INFOPLIST_FILE = "AgileConference/AgileConference-Info.plist";
				PRODUCT_NAME = "$(TARGET_NAME)";
				WRAPPER_EXTENSION = app;
			};
			name = Debug;
		};
		6A9F7FD914A88F5300E3F55C /* Release */ = {
			isa = XCBuildConfiguration;
			buildSettings = {
				GCC_PRECOMPILE_PREFIX_HEADER = YES;
				GCC_PREFIX_HEADER = "AgileConference/AgileConference-Prefix.pch";
				INFOPLIST_FILE = "AgileConference/AgileConference-Info.plist";
				PRODUCT_NAME = "$(TARGET_NAME)";
				WRAPPER_EXTENSION = app;
			};
			name = Release;
		};
		6A9F7FDB14A88F5300E3F55C /* Debug */ = {
			isa = XCBuildConfiguration;
			buildSettings = {
				BUNDLE_LOADER = "$(BUILT_PRODUCTS_DIR)/AgileConference.app/AgileConference";
				FRAMEWORK_SEARCH_PATHS = (
					"$(SDKROOT)/Developer/Library/Frameworks",
					"$(DEVELOPER_LIBRARY_DIR)/Frameworks",
				);
				GCC_PRECOMPILE_PREFIX_HEADER = YES;
				GCC_PREFIX_HEADER = "AgileConference/AgileConference-Prefix.pch";
				INFOPLIST_FILE = "AgileConferenceTests/AgileConferenceTests-Info.plist";
				PRODUCT_NAME = "$(TARGET_NAME)";
				TEST_HOST = "$(BUNDLE_LOADER)";
				WRAPPER_EXTENSION = octest;
			};
			name = Debug;
		};
		6A9F7FDC14A88F5300E3F55C /* Release */ = {
			isa = XCBuildConfiguration;
			buildSettings = {
				BUNDLE_LOADER = "$(BUILT_PRODUCTS_DIR)/AgileConference.app/AgileConference";
				FRAMEWORK_SEARCH_PATHS = (
					"$(SDKROOT)/Developer/Library/Frameworks",
					"$(DEVELOPER_LIBRARY_DIR)/Frameworks",
				);
				GCC_PRECOMPILE_PREFIX_HEADER = YES;
				GCC_PREFIX_HEADER = "AgileConference/AgileConference-Prefix.pch";
				INFOPLIST_FILE = "AgileConferenceTests/AgileConferenceTests-Info.plist";
				PRODUCT_NAME = "$(TARGET_NAME)";
				TEST_HOST = "$(BUNDLE_LOADER)";
				WRAPPER_EXTENSION = octest;
			};
			name = Release;
		};
/* End XCBuildConfiguration section */

/* Begin XCConfigurationList section */
		6A9F7F9B14A88F5300E3F55C /* Build configuration list for PBXProject "AgileConference" */ = {
			isa = XCConfigurationList;
			buildConfigurations = (
				6A9F7FD514A88F5300E3F55C /* Debug */,
				6A9F7FD614A88F5300E3F55C /* Release */,
			);
			defaultConfigurationIsVisible = 0;
			defaultConfigurationName = Release;
		};
		6A9F7FD714A88F5300E3F55C /* Build configuration list for PBXNativeTarget "AgileConference" */ = {
			isa = XCConfigurationList;
			buildConfigurations = (
				6A9F7FD814A88F5300E3F55C /* Debug */,
				6A9F7FD914A88F5300E3F55C /* Release */,
			);
			defaultConfigurationIsVisible = 0;
			defaultConfigurationName = Release;
		};
		6A9F7FDA14A88F5300E3F55C /* Build configuration list for PBXNativeTarget "AgileConferenceTests" */ = {
			isa = XCConfigurationList;
			buildConfigurations = (
				6A9F7FDB14A88F5300E3F55C /* Debug */,
				6A9F7FDC14A88F5300E3F55C /* Release */,
			);
			defaultConfigurationIsVisible = 0;
			defaultConfigurationName = Release;
		};
/* End XCConfigurationList section */
	};
	rootObject = 6A9F7F9814A88F5300E3F55C /* Project object */;
}
