// !$*UTF8*$!
{
	archiveVersion = 1;
	classes = {
	};
	objectVersion = 46;
	objects = {

/* Begin PBXBuildFile section */
		381A5C9A14BD5E8C00B0E25C /* btn_blank_blue.png in Resources */ = {isa = PBXBuildFile; fileRef = 381A5C9914BD5E8C00B0E25C /* btn_blank_blue.png */; };
		381A5C9D14BD622000B0E25C /* Valtech_Logo.png in Resources */ = {isa = PBXBuildFile; fileRef = 381A5C9C14BD622000B0E25C /* Valtech_Logo.png */; };
		381A5CA314BD6A0500B0E25C /* bg_default_preview.png in Resources */ = {isa = PBXBuildFile; fileRef = 381A5CA214BD6A0500B0E25C /* bg_default_preview.png */; };
		381A5CA514BD8CD000B0E25C /* AboutTextViewBG.png in Resources */ = {isa = PBXBuildFile; fileRef = 381A5CA414BD8CCF00B0E25C /* AboutTextViewBG.png */; };
		381A5CB014BDA66F00B0E25C /* ACFeedbackViewController.m in Sources */ = {isa = PBXBuildFile; fileRef = 381A5CAE14BDA66F00B0E25C /* ACFeedbackViewController.m */; };
		381A5CB114BDA66F00B0E25C /* ACFeedbackViewController.xib in Resources */ = {isa = PBXBuildFile; fileRef = 381A5CAF14BDA66F00B0E25C /* ACFeedbackViewController.xib */; };
		38360E3114B473AB006378AA /* ACTracksEventsListViewController.m in Sources */ = {isa = PBXBuildFile; fileRef = 38360E3014B473AB006378AA /* ACTracksEventsListViewController.m */; };
		38360E3514B48910006378AA /* bg_createProject_frame.png in Resources */ = {isa = PBXBuildFile; fileRef = 38360E3414B48910006378AA /* bg_createProject_frame.png */; };
		38360E3714B489B0006378AA /* button_close.png in Resources */ = {isa = PBXBuildFile; fileRef = 38360E3614B489B0006378AA /* button_close.png */; };
		38360E3914B49002006378AA /* images.png in Resources */ = {isa = PBXBuildFile; fileRef = 38360E3814B49001006378AA /* images.png */; };
		3847DBE114BC78B900A8D542 /* bg.png in Resources */ = {isa = PBXBuildFile; fileRef = 3847DBE014BC78B800A8D542 /* bg.png */; };
		3847DBE514BC79B000A8D542 /* agile.png in Resources */ = {isa = PBXBuildFile; fileRef = 3847DBE414BC79AF00A8D542 /* agile.png */; };
		384D9A1F14C404B9001D0DC9 /* ACRateView.xib in Resources */ = {isa = PBXBuildFile; fileRef = 384D9A1E14C404B8001D0DC9 /* ACRateView.xib */; };
		384D9A2314C404D1001D0DC9 /* ACRateView.m in Sources */ = {isa = PBXBuildFile; fileRef = 384D9A2214C404D1001D0DC9 /* ACRateView.m */; };
		384D9A2714C404FD001D0DC9 /* kermit_empty.png in Resources */ = {isa = PBXBuildFile; fileRef = 384D9A2514C404FD001D0DC9 /* kermit_empty.png */; };
		384D9A2914C408BC001D0DC9 /* kermit_full.png in Resources */ = {isa = PBXBuildFile; fileRef = 384D9A2814C408BC001D0DC9 /* kermit_full.png */; };
		3858C70A14AC9FA200C19AA5 /* ACSearchPopoverViewController.m in Sources */ = {isa = PBXBuildFile; fileRef = 3858C70814AC9FA100C19AA5 /* ACSearchPopoverViewController.m */; };
		3858C70B14AC9FA200C19AA5 /* ACSearchPopoverViewController.xib in Resources */ = {isa = PBXBuildFile; fileRef = 3858C70914AC9FA100C19AA5 /* ACSearchPopoverViewController.xib */; };
		3858C71614ACB69F00C19AA5 /* linkedIcon.png in Resources */ = {isa = PBXBuildFile; fileRef = 3858C71514ACB69F00C19AA5 /* linkedIcon.png */; };
		3858C71814ACB6A600C19AA5 /* facebookIcon.png in Resources */ = {isa = PBXBuildFile; fileRef = 3858C71714ACB6A600C19AA5 /* facebookIcon.png */; };
		3858C71A14ACB6B300C19AA5 /* twitterIcon.png in Resources */ = {isa = PBXBuildFile; fileRef = 3858C71914ACB6B300C19AA5 /* twitterIcon.png */; };
		3858C71C14ACB6D000C19AA5 /* WriteReviewIcon.gif in Resources */ = {isa = PBXBuildFile; fileRef = 3858C71B14ACB6D000C19AA5 /* WriteReviewIcon.gif */; };
		38782FB814B719BD0007133B /* Favorites.png in Resources */ = {isa = PBXBuildFile; fileRef = 38782FB714B719BD0007133B /* Favorites.png */; };
		3878300714B723530007133B /* ACSplashView.m in Sources */ = {isa = PBXBuildFile; fileRef = 3878300614B723530007133B /* ACSplashView.m */; };
		3878300914B723740007133B /* ACSplashView.xib in Resources */ = {isa = PBXBuildFile; fileRef = 3878300814B723730007133B /* ACSplashView.xib */; };
		3878305E14B740A20007133B /* Twitter.framework in Frameworks */ = {isa = PBXBuildFile; fileRef = 3878305D14B740A10007133B /* Twitter.framework */; };
		3886425014ADCF33005B520D /* ACAppController_iPhone.xib in Resources */ = {isa = PBXBuildFile; fileRef = 3886424F14ADCF33005B520D /* ACAppController_iPhone.xib */; };
		3886427014ADE9F9005B520D /* ACSearchView.m in Sources */ = {isa = PBXBuildFile; fileRef = 3886426F14ADE9F9005B520D /* ACSearchView.m */; };
		3886427C14ADF477005B520D /* ACSearchView.xib in Resources */ = {isa = PBXBuildFile; fileRef = 3886427B14ADF476005B520D /* ACSearchView.xib */; };
		388E977C14BB171500C6F0D2 /* FbGraph.m in Sources */ = {isa = PBXBuildFile; fileRef = 388E976914BB171500C6F0D2 /* FbGraph.m */; };
		388E977D14BB171500C6F0D2 /* FbGraphFile.m in Sources */ = {isa = PBXBuildFile; fileRef = 388E976B14BB171500C6F0D2 /* FbGraphFile.m */; };
		388E977E14BB171500C6F0D2 /* FbGraphResponse.m in Sources */ = {isa = PBXBuildFile; fileRef = 388E976D14BB171500C6F0D2 /* FbGraphResponse.m */; };
		388E977F14BB171500C6F0D2 /* NSObject+SBJSON.m in Sources */ = {isa = PBXBuildFile; fileRef = 388E977114BB171500C6F0D2 /* NSObject+SBJSON.m */; };
		388E978014BB171500C6F0D2 /* NSString+SBJSON.m in Sources */ = {isa = PBXBuildFile; fileRef = 388E977314BB171500C6F0D2 /* NSString+SBJSON.m */; };
		388E978114BB171500C6F0D2 /* SBJSON.m in Sources */ = {isa = PBXBuildFile; fileRef = 388E977514BB171500C6F0D2 /* SBJSON.m */; };
		388E978214BB171500C6F0D2 /* SBJsonBase.m in Sources */ = {isa = PBXBuildFile; fileRef = 388E977714BB171500C6F0D2 /* SBJsonBase.m */; };
		388E978314BB171500C6F0D2 /* SBJsonParser.m in Sources */ = {isa = PBXBuildFile; fileRef = 388E977914BB171500C6F0D2 /* SBJsonParser.m */; };
		388E978414BB171500C6F0D2 /* SBJsonWriter.m in Sources */ = {isa = PBXBuildFile; fileRef = 388E977B14BB171500C6F0D2 /* SBJsonWriter.m */; };
		388E978714BB189200C6F0D2 /* ACFacebookConnect.m in Sources */ = {isa = PBXBuildFile; fileRef = 388E978614BB189200C6F0D2 /* ACFacebookConnect.m */; };
		38E11CFA14B6CCB60001AC63 /* bg_moderator_notes1.png in Resources */ = {isa = PBXBuildFile; fileRef = 38E11CF914B6CCB60001AC63 /* bg_moderator_notes1.png */; };
		38E11CFC14B6D1F40001AC63 /* ViewDetail.png in Resources */ = {isa = PBXBuildFile; fileRef = 38E11CFB14B6D1F40001AC63 /* ViewDetail.png */; };
		38E11CFE14B6D4230001AC63 /* btn_active_website_comment.png in Resources */ = {isa = PBXBuildFile; fileRef = 38E11CFD14B6D4220001AC63 /* btn_active_website_comment.png */; };
		38E11D0014B6EEF80001AC63 /* right_arrow.png in Resources */ = {isa = PBXBuildFile; fileRef = 38E11CFF14B6EEF80001AC63 /* right_arrow.png */; };
		38E384E214B1C2BC0055F31C /* A_1.png in Resources */ = {isa = PBXBuildFile; fileRef = 38E384DD14B1C2BC0055F31C /* A_1.png */; };
		38E384E314B1C2BC0055F31C /* A_1@2x.png in Resources */ = {isa = PBXBuildFile; fileRef = 38E384DE14B1C2BC0055F31C /* A_1@2x.png */; };
		38E384E414B1C2BC0055F31C /* A_5.png in Resources */ = {isa = PBXBuildFile; fileRef = 38E384DF14B1C2BC0055F31C /* A_5.png */; };
		38E384E514B1C2BC0055F31C /* A_5@2x.png in Resources */ = {isa = PBXBuildFile; fileRef = 38E384E014B1C2BC0055F31C /* A_5@2x.png */; };
		38E384E614B1C2BC0055F31C /* TableHeader.png in Resources */ = {isa = PBXBuildFile; fileRef = 38E384E114B1C2BC0055F31C /* TableHeader.png */; };
		38E7FAE214BC0243000E21FA /* ACFacebookShareView.m in Sources */ = {isa = PBXBuildFile; fileRef = 38E7FAE114BC0243000E21FA /* ACFacebookShareView.m */; };
		38E7FAE514BC0268000E21FA /* ACFacebookShareView.xib in Resources */ = {isa = PBXBuildFile; fileRef = 38E7FAE414BC0268000E21FA /* ACFacebookShareView.xib */; };
		38E7FAE814BC0661000E21FA /* Screen shot 2012-01-10 at 11.05.19 AM.png in Resources */ = {isa = PBXBuildFile; fileRef = 38E7FAE714BC0661000E21FA /* Screen shot 2012-01-10 at 11.05.19 AM.png */; };
		38E7FAEA14BC3627000E21FA /* Cancel.png in Resources */ = {isa = PBXBuildFile; fileRef = 38E7FAE914BC3627000E21FA /* Cancel.png */; };
		38E7FB0814BC58F8000E21FA /* header_01.png in Resources */ = {isa = PBXBuildFile; fileRef = 38E7FB0714BC58F8000E21FA /* header_01.png */; };
		38E9A15214B2C8D900C11C56 /* ACOrganizerView.m in Sources */ = {isa = PBXBuildFile; fileRef = 38E9A15114B2C8D900C11C56 /* ACOrganizerView.m */; };
		38E9A15414B2C8ED00C11C56 /* ACOrganizerView.xib in Resources */ = {isa = PBXBuildFile; fileRef = 38E9A15314B2C8ED00C11C56 /* ACOrganizerView.xib */; };
		38E9A15814B3046600C11C56 /* ACEventsListViewController.m in Sources */ = {isa = PBXBuildFile; fileRef = 38E9A15614B3046600C11C56 /* ACEventsListViewController.m */; };
		38E9A15914B3046600C11C56 /* ACEventsListViewController.xib in Resources */ = {isa = PBXBuildFile; fileRef = 38E9A15714B3046600C11C56 /* ACEventsListViewController.xib */; };
		38E9A16114B3109F00C11C56 /* track1.png in Resources */ = {isa = PBXBuildFile; fileRef = 38E9A15A14B3109F00C11C56 /* track1.png */; };
		38E9A16214B3109F00C11C56 /* track2.png in Resources */ = {isa = PBXBuildFile; fileRef = 38E9A15B14B3109F00C11C56 /* track2.png */; };
		38E9A16314B3109F00C11C56 /* track3.png in Resources */ = {isa = PBXBuildFile; fileRef = 38E9A15C14B3109F00C11C56 /* track3.png */; };
		38E9A16414B3109F00C11C56 /* track4.png in Resources */ = {isa = PBXBuildFile; fileRef = 38E9A15D14B3109F00C11C56 /* track4.png */; };
		38E9A16514B3109F00C11C56 /* track5.png in Resources */ = {isa = PBXBuildFile; fileRef = 38E9A15E14B3109F00C11C56 /* track5.png */; };
		38E9A16614B3109F00C11C56 /* track6.png in Resources */ = {isa = PBXBuildFile; fileRef = 38E9A15F14B3109F00C11C56 /* track6.png */; };
		38E9A16714B3109F00C11C56 /* track7.png in Resources */ = {isa = PBXBuildFile; fileRef = 38E9A16014B3109F00C11C56 /* track7.png */; };
		38E9A16B14B313D300C11C56 /* Organizer.png in Resources */ = {isa = PBXBuildFile; fileRef = 38E9A16A14B313D300C11C56 /* Organizer.png */; };
		38E9A17214B3230700C11C56 /* Availability.png in Resources */ = {isa = PBXBuildFile; fileRef = 38E9A17114B3230700C11C56 /* Availability.png */; };
		38E9A17414B3245800C11C56 /* clock-1.png in Resources */ = {isa = PBXBuildFile; fileRef = 38E9A17314B3245800C11C56 /* clock-1.png */; };
		38E9A17614B3283E00C11C56 /* keynote-icon-300x300.png in Resources */ = {isa = PBXBuildFile; fileRef = 38E9A17514B3283E00C11C56 /* keynote-icon-300x300.png */; };
		38E9A17814B3326900C11C56 /* Activity_indicator-150x150.png in Resources */ = {isa = PBXBuildFile; fileRef = 38E9A17714B3326900C11C56 /* Activity_indicator-150x150.png */; };
		38EA0B2F14C5426A002BCAEC /* Catalog.plist in Resources */ = {isa = PBXBuildFile; fileRef = 38EA0B2E14C5426A002BCAEC /* Catalog.plist */; };
		38EA874414BEACE30007E46E /* Screen shot 2012-01-12 at 11.22.12 AM.png in Resources */ = {isa = PBXBuildFile; fileRef = 38EA874314BEACE30007E46E /* Screen shot 2012-01-12 at 11.22.12 AM.png */; };
		38EA874714BEB72E0007E46E /* cancelFB.png in Resources */ = {isa = PBXBuildFile; fileRef = 38EA874614BEB72E0007E46E /* cancelFB.png */; };
		38EA874D14BEEA610007E46E /* ACEventListTeaBreakCellView.xib in Resources */ = {isa = PBXBuildFile; fileRef = 38EA874C14BEEA610007E46E /* ACEventListTeaBreakCellView.xib */; };
		38F915C014B1AFF900415109 /* ACEventsListHeaderView.xib in Resources */ = {isa = PBXBuildFile; fileRef = 38F915BF14B1AFF900415109 /* ACEventsListHeaderView.xib */; };
		38F915C314B1B22100415109 /* ACEventsListHeaderView.m in Sources */ = {isa = PBXBuildFile; fileRef = 38F915C214B1B22100415109 /* ACEventsListHeaderView.m */; };
		38F9B4C214B42CD900696426 /* show-result-BTN.png in Resources */ = {isa = PBXBuildFile; fileRef = 38F9B4C114B42CD900696426 /* show-result-BTN.png */; };
		38F9B4C614B42E4100696426 /* ACEventDescriptionWebviewController.m in Sources */ = {isa = PBXBuildFile; fileRef = 38F9B4C414B42E4100696426 /* ACEventDescriptionWebviewController.m */; };
		38F9B4C714B42E4100696426 /* ACEventDescriptionWebviewController.xib in Resources */ = {isa = PBXBuildFile; fileRef = 38F9B4C514B42E4100696426 /* ACEventDescriptionWebviewController.xib */; };
		6A42701D14AC442B00F91472 /* TestUtility.m in Sources */ = {isa = PBXBuildFile; fileRef = 6A42701C14AC442B00F91472 /* TestUtility.m */; };
		6A42702414AC48B800F91472 /* SqliteDBManager.m in Sources */ = {isa = PBXBuildFile; fileRef = 6A42702314AC48B800F91472 /* SqliteDBManager.m */; };
		6A42702614AC4AA000F91472 /* libsqlite3.0.dylib in Frameworks */ = {isa = PBXBuildFile; fileRef = 6A42702514AC4AA000F91472 /* libsqlite3.0.dylib */; };
		6A42703714AC4E6500F91472 /* icon_app.png in Resources */ = {isa = PBXBuildFile; fileRef = 6A42703614AC4E6500F91472 /* icon_app.png */; };
		6A42703914AC6FD200F91472 /* AgileConference.db in Resources */ = {isa = PBXBuildFile; fileRef = 6A42703814AC6FD200F91472 /* AgileConference.db */; };
		6A42705F14AC70FC00F91472 /* DataCache.m in Sources */ = {isa = PBXBuildFile; fileRef = 6A42704114AC70FB00F91472 /* DataCache.m */; };
		6A42706014AC70FC00F91472 /* FlowCoverView.m in Sources */ = {isa = PBXBuildFile; fileRef = 6A42704314AC70FB00F91472 /* FlowCoverView.m */; };
		6A42706114AC70FC00F91472 /* popoverArrowDown.png in Resources */ = {isa = PBXBuildFile; fileRef = 6A42704614AC70FB00F91472 /* popoverArrowDown.png */; };
		6A42706214AC70FC00F91472 /* popoverArrowDown@2x.png in Resources */ = {isa = PBXBuildFile; fileRef = 6A42704714AC70FB00F91472 /* popoverArrowDown@2x.png */; };
		6A42706314AC70FC00F91472 /* popoverArrowLeft.png in Resources */ = {isa = PBXBuildFile; fileRef = 6A42704814AC70FB00F91472 /* popoverArrowLeft.png */; };
		6A42706414AC70FC00F91472 /* popoverArrowLeft@2x.png in Resources */ = {isa = PBXBuildFile; fileRef = 6A42704914AC70FB00F91472 /* popoverArrowLeft@2x.png */; };
		6A42706514AC70FC00F91472 /* popoverArrowRight.png in Resources */ = {isa = PBXBuildFile; fileRef = 6A42704A14AC70FB00F91472 /* popoverArrowRight.png */; };
		6A42706614AC70FC00F91472 /* popoverArrowRight@2x.png in Resources */ = {isa = PBXBuildFile; fileRef = 6A42704B14AC70FB00F91472 /* popoverArrowRight@2x.png */; };
		6A42706714AC70FC00F91472 /* popoverArrowUp.png in Resources */ = {isa = PBXBuildFile; fileRef = 6A42704C14AC70FB00F91472 /* popoverArrowUp.png */; };
		6A42706814AC70FC00F91472 /* popoverArrowUp@2x.png in Resources */ = {isa = PBXBuildFile; fileRef = 6A42704D14AC70FB00F91472 /* popoverArrowUp@2x.png */; };
		6A42706914AC70FC00F91472 /* popoverBg.png in Resources */ = {isa = PBXBuildFile; fileRef = 6A42704E14AC70FB00F91472 /* popoverBg.png */; };
		6A42706A14AC70FC00F91472 /* popoverBg@2x.png in Resources */ = {isa = PBXBuildFile; fileRef = 6A42704F14AC70FB00F91472 /* popoverBg@2x.png */; };
		6A42706B14AC70FC00F91472 /* WEPopoverContainerView.m in Sources */ = {isa = PBXBuildFile; fileRef = 6A42705114AC70FB00F91472 /* WEPopoverContainerView.m */; };
		6A42706C14AC70FC00F91472 /* WEPopoverController.m in Sources */ = {isa = PBXBuildFile; fileRef = 6A42705314AC70FB00F91472 /* WEPopoverController.m */; };
		6A42706E14AC70FC00F91472 /* ACTracksEventsListViewController.xib in Resources */ = {isa = PBXBuildFile; fileRef = 6A42705B14AC70FC00F91472 /* ACTracksEventsListViewController.xib */; };
		6A42707014AC712700F91472 /* QuartzCore.framework in Frameworks */ = {isa = PBXBuildFile; fileRef = 6A42706F14AC712700F91472 /* QuartzCore.framework */; };
		6A42707214AC713600F91472 /* OpenGLES.framework in Frameworks */ = {isa = PBXBuildFile; fileRef = 6A42707114AC713600F91472 /* OpenGLES.framework */; };
		6A42707D14AC71CB00F91472 /* ACAppController.m in Sources */ = {isa = PBXBuildFile; fileRef = 6A42707514AC71CB00F91472 /* ACAppController.m */; };
		6A42707E14AC71CB00F91472 /* ACAppController_iPad.xib in Resources */ = {isa = PBXBuildFile; fileRef = 6A42707614AC71CB00F91472 /* ACAppController_iPad.xib */; };
		6A42708014AC71CB00F91472 /* ACAppDelegate.m in Sources */ = {isa = PBXBuildFile; fileRef = 6A42707914AC71CB00F91472 /* ACAppDelegate.m */; };
		6A42708114AC71CB00F91472 /* ACCustomRootViewController.m in Sources */ = {isa = PBXBuildFile; fileRef = 6A42707B14AC71CB00F91472 /* ACCustomRootViewController.m */; };
		6A42708214AC71CB00F91472 /* ACCustomRootViewController.xib in Resources */ = {isa = PBXBuildFile; fileRef = 6A42707C14AC71CB00F91472 /* ACCustomRootViewController.xib */; };
		6A4270A014AC81CA00F91472 /* Speaker.plist in Resources */ = {isa = PBXBuildFile; fileRef = 6A42709F14AC81CA00F91472 /* Speaker.plist */; };
		6A4270A214AC821100F91472 /* Topic.plist in Resources */ = {isa = PBXBuildFile; fileRef = 6A4270A114AC821100F91472 /* Topic.plist */; };
		6A4270A514AC831700F91472 /* Speaker_1.html in Resources */ = {isa = PBXBuildFile; fileRef = 6A4270A414AC831700F91472 /* Speaker_1.html */; };
		6A4270A714AC835C00F91472 /* Topic_1.html in Resources */ = {isa = PBXBuildFile; fileRef = 6A4270A614AC835C00F91472 /* Topic_1.html */; };
		6A4270A914AC945F00F91472 /* Favorite.plist in Resources */ = {isa = PBXBuildFile; fileRef = 6A4270A814AC945F00F91472 /* Favorite.plist */; };
		6A4270AB14AC94E200F91472 /* Participated.plist in Resources */ = {isa = PBXBuildFile; fileRef = 6A4270AA14AC94E200F91472 /* Participated.plist */; };
		6A9F7FA614A88F5300E3F55C /* UIKit.framework in Frameworks */ = {isa = PBXBuildFile; fileRef = 6A9F7FA514A88F5300E3F55C /* UIKit.framework */; };
		6A9F7FA814A88F5300E3F55C /* Foundation.framework in Frameworks */ = {isa = PBXBuildFile; fileRef = 6A9F7FA714A88F5300E3F55C /* Foundation.framework */; };
		6A9F7FAA14A88F5300E3F55C /* CoreGraphics.framework in Frameworks */ = {isa = PBXBuildFile; fileRef = 6A9F7FA914A88F5300E3F55C /* CoreGraphics.framework */; };
		6A9F7FB014A88F5300E3F55C /* InfoPlist.strings in Resources */ = {isa = PBXBuildFile; fileRef = 6A9F7FAE14A88F5300E3F55C /* InfoPlist.strings */; };
		6A9F7FB214A88F5300E3F55C /* main.m in Sources */ = {isa = PBXBuildFile; fileRef = 6A9F7FB114A88F5300E3F55C /* main.m */; };
		6A9F7FC714A88F5300E3F55C /* SenTestingKit.framework in Frameworks */ = {isa = PBXBuildFile; fileRef = 6A9F7FC614A88F5300E3F55C /* SenTestingKit.framework */; };
		6A9F7FC814A88F5300E3F55C /* UIKit.framework in Frameworks */ = {isa = PBXBuildFile; fileRef = 6A9F7FA514A88F5300E3F55C /* UIKit.framework */; };
		6A9F7FC914A88F5300E3F55C /* Foundation.framework in Frameworks */ = {isa = PBXBuildFile; fileRef = 6A9F7FA714A88F5300E3F55C /* Foundation.framework */; };
		6A9F7FD114A88F5300E3F55C /* InfoPlist.strings in Resources */ = {isa = PBXBuildFile; fileRef = 6A9F7FCF14A88F5300E3F55C /* InfoPlist.strings */; };
		6A9F7FD414A88F5300E3F55C /* AgileConferenceTests.m in Sources */ = {isa = PBXBuildFile; fileRef = 6A9F7FD314A88F5300E3F55C /* AgileConferenceTests.m */; };
		6AE5515814A9DEBB00391597 /* ACAppSetting.m in Sources */ = {isa = PBXBuildFile; fileRef = 6AE5515714A9DEBB00391597 /* ACAppSetting.m */; };
		6AE5516414A9EB4200391597 /* CFNetwork.framework in Frameworks */ = {isa = PBXBuildFile; fileRef = 6AE5516314A9EB4200391597 /* CFNetwork.framework */; };
		6AE5516614A9EB8C00391597 /* SystemConfiguration.framework in Frameworks */ = {isa = PBXBuildFile; fileRef = 6AE5516514A9EB8B00391597 /* SystemConfiguration.framework */; };
		6AE5516814A9EBA100391597 /* MobileCoreServices.framework in Frameworks */ = {isa = PBXBuildFile; fileRef = 6AE5516714A9EBA100391597 /* MobileCoreServices.framework */; };
		6AE5516A14A9EF8000391597 /* CoreFoundation.framework in Frameworks */ = {isa = PBXBuildFile; fileRef = 6AE5516914A9EF8000391597 /* CoreFoundation.framework */; };
		C5E0E82E14AAB0C20084FA2F /* CommonUtility.m in Sources */ = {isa = PBXBuildFile; fileRef = C5E0E82B14AAB0C20084FA2F /* CommonUtility.m */; };
		C5E0E82F14AAB0C20084FA2F /* ViewUtility.m in Sources */ = {isa = PBXBuildFile; fileRef = C5E0E82D14AAB0C20084FA2F /* ViewUtility.m */; };
		C5E0E83F14AAB2F10084FA2F /* ACNetworkHandler.m in Sources */ = {isa = PBXBuildFile; fileRef = C5E0E83E14AAB2F10084FA2F /* ACNetworkHandler.m */; };
		C5E0E84214AAB3330084FA2F /* ACXMLParser.m in Sources */ = {isa = PBXBuildFile; fileRef = C5E0E84114AAB3330084FA2F /* ACXMLParser.m */; };
		C5E0E85014AAB4360084FA2F /* ACOrganiser.m in Sources */ = {isa = PBXBuildFile; fileRef = C5E0E84F14AAB4360084FA2F /* ACOrganiser.m */; };
		CF770DA914AE520100DEAC5C /* AVEventsListCellView.xib in Resources */ = {isa = PBXBuildFile; fileRef = CF770DA814AE520100DEAC5C /* AVEventsListCellView.xib */; };
		CF770DAC14AE521900DEAC5C /* AVEventsListCellView.m in Sources */ = {isa = PBXBuildFile; fileRef = CF770DAB14AE521900DEAC5C /* AVEventsListCellView.m */; };
		CF770DAF14AE523900DEAC5C /* AVEventsListTableCellView.m in Sources */ = {isa = PBXBuildFile; fileRef = CF770DAE14AE523900DEAC5C /* AVEventsListTableCellView.m */; };
		CF7EA66A14AEE8CB00061E07 /* ACAboutViewController.m in Sources */ = {isa = PBXBuildFile; fileRef = CF7EA66814AEE8CB00061E07 /* ACAboutViewController.m */; };
		CF7EA66B14AEE8CB00061E07 /* ACAboutViewController.xib in Resources */ = {isa = PBXBuildFile; fileRef = CF7EA66914AEE8CB00061E07 /* ACAboutViewController.xib */; };
		CF9A268714B0C34D00568DB5 /* ACEventDetailViewController.m in Sources */ = {isa = PBXBuildFile; fileRef = CF9A268514B0C34D00568DB5 /* ACEventDetailViewController.m */; };
		CF9A268814B0C34D00568DB5 /* ACEventDetailViewController.xib in Resources */ = {isa = PBXBuildFile; fileRef = CF9A268614B0C34D00568DB5 /* ACEventDetailViewController.xib */; };
/* End PBXBuildFile section */

/* Begin PBXContainerItemProxy section */
		6A9F7FCA14A88F5300E3F55C /* PBXContainerItemProxy */ = {
			isa = PBXContainerItemProxy;
			containerPortal = 6A9F7F9814A88F5300E3F55C /* Project object */;
			proxyType = 1;
			remoteGlobalIDString = 6A9F7FA014A88F5300E3F55C;
			remoteInfo = AgileConference;
		};
/* End PBXContainerItemProxy section */

/* Begin PBXFileReference section */
		381A5C9914BD5E8C00B0E25C /* btn_blank_blue.png */ = {isa = PBXFileReference; lastKnownFileType = image.png; path = btn_blank_blue.png; sourceTree = "<group>"; };
		381A5C9C14BD622000B0E25C /* Valtech_Logo.png */ = {isa = PBXFileReference; lastKnownFileType = image.png; path = Valtech_Logo.png; sourceTree = "<group>"; };
		381A5CA214BD6A0500B0E25C /* bg_default_preview.png */ = {isa = PBXFileReference; lastKnownFileType = image.png; path = bg_default_preview.png; sourceTree = "<group>"; };
		381A5CA414BD8CCF00B0E25C /* AboutTextViewBG.png */ = {isa = PBXFileReference; lastKnownFileType = image.png; path = AboutTextViewBG.png; sourceTree = "<group>"; };
		381A5CAD14BDA66F00B0E25C /* ACFeedbackViewController.h */ = {isa = PBXFileReference; fileEncoding = 4; lastKnownFileType = sourcecode.c.h; path = ACFeedbackViewController.h; sourceTree = "<group>"; };
		381A5CAE14BDA66F00B0E25C /* ACFeedbackViewController.m */ = {isa = PBXFileReference; fileEncoding = 4; lastKnownFileType = sourcecode.c.objc; path = ACFeedbackViewController.m; sourceTree = "<group>"; };
		381A5CAF14BDA66F00B0E25C /* ACFeedbackViewController.xib */ = {isa = PBXFileReference; fileEncoding = 4; lastKnownFileType = file.xib; path = ACFeedbackViewController.xib; sourceTree = "<group>"; };
		38360E2F14B473AB006378AA /* ACTracksEventsListViewController.h */ = {isa = PBXFileReference; fileEncoding = 4; lastKnownFileType = sourcecode.c.h; path = ACTracksEventsListViewController.h; sourceTree = "<group>"; };
		38360E3014B473AB006378AA /* ACTracksEventsListViewController.m */ = {isa = PBXFileReference; fileEncoding = 4; lastKnownFileType = sourcecode.c.objc; path = ACTracksEventsListViewController.m; sourceTree = "<group>"; };
		38360E3414B48910006378AA /* bg_createProject_frame.png */ = {isa = PBXFileReference; lastKnownFileType = image.png; path = bg_createProject_frame.png; sourceTree = "<group>"; };
		38360E3614B489B0006378AA /* button_close.png */ = {isa = PBXFileReference; lastKnownFileType = image.png; path = button_close.png; sourceTree = "<group>"; };
		38360E3814B49001006378AA /* images.png */ = {isa = PBXFileReference; lastKnownFileType = image.png; path = images.png; sourceTree = "<group>"; };
		3847DBE014BC78B800A8D542 /* bg.png */ = {isa = PBXFileReference; lastKnownFileType = image.png; path = bg.png; sourceTree = "<group>"; };
		3847DBE414BC79AF00A8D542 /* agile.png */ = {isa = PBXFileReference; lastKnownFileType = image.png; path = agile.png; sourceTree = "<group>"; };
		384D9A1E14C404B8001D0DC9 /* ACRateView.xib */ = {isa = PBXFileReference; fileEncoding = 4; lastKnownFileType = file.xib; path = ACRateView.xib; sourceTree = "<group>"; };
		384D9A2114C404D1001D0DC9 /* ACRateView.h */ = {isa = PBXFileReference; fileEncoding = 4; lastKnownFileType = sourcecode.c.h; path = ACRateView.h; sourceTree = "<group>"; };
		384D9A2214C404D1001D0DC9 /* ACRateView.m */ = {isa = PBXFileReference; fileEncoding = 4; lastKnownFileType = sourcecode.c.objc; path = ACRateView.m; sourceTree = "<group>"; };
		384D9A2514C404FD001D0DC9 /* kermit_empty.png */ = {isa = PBXFileReference; lastKnownFileType = image.png; path = kermit_empty.png; sourceTree = "<group>"; };
		384D9A2814C408BC001D0DC9 /* kermit_full.png */ = {isa = PBXFileReference; lastKnownFileType = image.png; path = kermit_full.png; sourceTree = "<group>"; };
		3858C70714AC9FA100C19AA5 /* ACSearchPopoverViewController.h */ = {isa = PBXFileReference; fileEncoding = 4; lastKnownFileType = sourcecode.c.h; path = ACSearchPopoverViewController.h; sourceTree = "<group>"; };
		3858C70814AC9FA100C19AA5 /* ACSearchPopoverViewController.m */ = {isa = PBXFileReference; fileEncoding = 4; lastKnownFileType = sourcecode.c.objc; path = ACSearchPopoverViewController.m; sourceTree = "<group>"; };
		3858C70914AC9FA100C19AA5 /* ACSearchPopoverViewController.xib */ = {isa = PBXFileReference; fileEncoding = 4; lastKnownFileType = file.xib; path = ACSearchPopoverViewController.xib; sourceTree = "<group>"; };
		3858C71514ACB69F00C19AA5 /* linkedIcon.png */ = {isa = PBXFileReference; lastKnownFileType = image.png; path = linkedIcon.png; sourceTree = "<group>"; };
		3858C71714ACB6A600C19AA5 /* facebookIcon.png */ = {isa = PBXFileReference; lastKnownFileType = image.png; path = facebookIcon.png; sourceTree = "<group>"; };
		3858C71914ACB6B300C19AA5 /* twitterIcon.png */ = {isa = PBXFileReference; lastKnownFileType = image.png; path = twitterIcon.png; sourceTree = "<group>"; };
		3858C71B14ACB6D000C19AA5 /* WriteReviewIcon.gif */ = {isa = PBXFileReference; lastKnownFileType = image.gif; path = WriteReviewIcon.gif; sourceTree = "<group>"; };
		38782FB714B719BD0007133B /* Favorites.png */ = {isa = PBXFileReference; lastKnownFileType = image.png; path = Favorites.png; sourceTree = "<group>"; };
		3878300514B723520007133B /* ACSplashView.h */ = {isa = PBXFileReference; fileEncoding = 4; lastKnownFileType = sourcecode.c.h; path = ACSplashView.h; sourceTree = "<group>"; };
		3878300614B723530007133B /* ACSplashView.m */ = {isa = PBXFileReference; fileEncoding = 4; lastKnownFileType = sourcecode.c.objc; path = ACSplashView.m; sourceTree = "<group>"; };
		3878300814B723730007133B /* ACSplashView.xib */ = {isa = PBXFileReference; fileEncoding = 4; lastKnownFileType = file.xib; path = ACSplashView.xib; sourceTree = "<group>"; };
		3878305D14B740A10007133B /* Twitter.framework */ = {isa = PBXFileReference; lastKnownFileType = wrapper.framework; name = Twitter.framework; path = System/Library/Frameworks/Twitter.framework; sourceTree = SDKROOT; };
		387EDDF014AAF16A00F5B9FF /* ACAppConstants.h */ = {isa = PBXFileReference; fileEncoding = 4; lastKnownFileType = sourcecode.c.h; path = ACAppConstants.h; sourceTree = "<group>"; };
		3886424F14ADCF33005B520D /* ACAppController_iPhone.xib */ = {isa = PBXFileReference; fileEncoding = 4; lastKnownFileType = file.xib; path = ACAppController_iPhone.xib; sourceTree = "<group>"; };
		3886426E14ADE9F9005B520D /* ACSearchView.h */ = {isa = PBXFileReference; fileEncoding = 4; lastKnownFileType = sourcecode.c.h; path = ACSearchView.h; sourceTree = "<group>"; };
		3886426F14ADE9F9005B520D /* ACSearchView.m */ = {isa = PBXFileReference; fileEncoding = 4; lastKnownFileType = sourcecode.c.objc; path = ACSearchView.m; sourceTree = "<group>"; };
		3886427B14ADF476005B520D /* ACSearchView.xib */ = {isa = PBXFileReference; fileEncoding = 4; lastKnownFileType = file.xib; path = ACSearchView.xib; sourceTree = "<group>"; };
		388E976814BB171500C6F0D2 /* FbGraph.h */ = {isa = PBXFileReference; fileEncoding = 4; lastKnownFileType = sourcecode.c.h; path = FbGraph.h; sourceTree = "<group>"; };
		388E976914BB171500C6F0D2 /* FbGraph.m */ = {isa = PBXFileReference; fileEncoding = 4; lastKnownFileType = sourcecode.c.objc; path = FbGraph.m; sourceTree = "<group>"; };
		388E976A14BB171500C6F0D2 /* FbGraphFile.h */ = {isa = PBXFileReference; fileEncoding = 4; lastKnownFileType = sourcecode.c.h; path = FbGraphFile.h; sourceTree = "<group>"; };
		388E976B14BB171500C6F0D2 /* FbGraphFile.m */ = {isa = PBXFileReference; fileEncoding = 4; lastKnownFileType = sourcecode.c.objc; path = FbGraphFile.m; sourceTree = "<group>"; };
		388E976C14BB171500C6F0D2 /* FbGraphResponse.h */ = {isa = PBXFileReference; fileEncoding = 4; lastKnownFileType = sourcecode.c.h; path = FbGraphResponse.h; sourceTree = "<group>"; };
		388E976D14BB171500C6F0D2 /* FbGraphResponse.m */ = {isa = PBXFileReference; fileEncoding = 4; lastKnownFileType = sourcecode.c.objc; path = FbGraphResponse.m; sourceTree = "<group>"; };
		388E976F14BB171500C6F0D2 /* JSON.h */ = {isa = PBXFileReference; fileEncoding = 4; lastKnownFileType = sourcecode.c.h; path = JSON.h; sourceTree = "<group>"; };
		388E977014BB171500C6F0D2 /* NSObject+SBJSON.h */ = {isa = PBXFileReference; fileEncoding = 4; lastKnownFileType = sourcecode.c.h; path = "NSObject+SBJSON.h"; sourceTree = "<group>"; };
		388E977114BB171500C6F0D2 /* NSObject+SBJSON.m */ = {isa = PBXFileReference; fileEncoding = 4; lastKnownFileType = sourcecode.c.objc; path = "NSObject+SBJSON.m"; sourceTree = "<group>"; };
		388E977214BB171500C6F0D2 /* NSString+SBJSON.h */ = {isa = PBXFileReference; fileEncoding = 4; lastKnownFileType = sourcecode.c.h; path = "NSString+SBJSON.h"; sourceTree = "<group>"; };
		388E977314BB171500C6F0D2 /* NSString+SBJSON.m */ = {isa = PBXFileReference; fileEncoding = 4; lastKnownFileType = sourcecode.c.objc; path = "NSString+SBJSON.m"; sourceTree = "<group>"; };
		388E977414BB171500C6F0D2 /* SBJSON.h */ = {isa = PBXFileReference; fileEncoding = 4; lastKnownFileType = sourcecode.c.h; path = SBJSON.h; sourceTree = "<group>"; };
		388E977514BB171500C6F0D2 /* SBJSON.m */ = {isa = PBXFileReference; fileEncoding = 4; lastKnownFileType = sourcecode.c.objc; path = SBJSON.m; sourceTree = "<group>"; };
		388E977614BB171500C6F0D2 /* SBJsonBase.h */ = {isa = PBXFileReference; fileEncoding = 4; lastKnownFileType = sourcecode.c.h; path = SBJsonBase.h; sourceTree = "<group>"; };
		388E977714BB171500C6F0D2 /* SBJsonBase.m */ = {isa = PBXFileReference; fileEncoding = 4; lastKnownFileType = sourcecode.c.objc; path = SBJsonBase.m; sourceTree = "<group>"; };
		388E977814BB171500C6F0D2 /* SBJsonParser.h */ = {isa = PBXFileReference; fileEncoding = 4; lastKnownFileType = sourcecode.c.h; path = SBJsonParser.h; sourceTree = "<group>"; };
		388E977914BB171500C6F0D2 /* SBJsonParser.m */ = {isa = PBXFileReference; fileEncoding = 4; lastKnownFileType = sourcecode.c.objc; path = SBJsonParser.m; sourceTree = "<group>"; };
		388E977A14BB171500C6F0D2 /* SBJsonWriter.h */ = {isa = PBXFileReference; fileEncoding = 4; lastKnownFileType = sourcecode.c.h; path = SBJsonWriter.h; sourceTree = "<group>"; };
		388E977B14BB171500C6F0D2 /* SBJsonWriter.m */ = {isa = PBXFileReference; fileEncoding = 4; lastKnownFileType = sourcecode.c.objc; path = SBJsonWriter.m; sourceTree = "<group>"; };
		388E978514BB189200C6F0D2 /* ACFacebookConnect.h */ = {isa = PBXFileReference; fileEncoding = 4; lastKnownFileType = sourcecode.c.h; path = ACFacebookConnect.h; sourceTree = "<group>"; };
		388E978614BB189200C6F0D2 /* ACFacebookConnect.m */ = {isa = PBXFileReference; fileEncoding = 4; lastKnownFileType = sourcecode.c.objc; path = ACFacebookConnect.m; sourceTree = "<group>"; };
		38E11CF914B6CCB60001AC63 /* bg_moderator_notes1.png */ = {isa = PBXFileReference; lastKnownFileType = image.png; path = bg_moderator_notes1.png; sourceTree = "<group>"; };
		38E11CFB14B6D1F40001AC63 /* ViewDetail.png */ = {isa = PBXFileReference; lastKnownFileType = image.png; path = ViewDetail.png; sourceTree = "<group>"; };
		38E11CFD14B6D4220001AC63 /* btn_active_website_comment.png */ = {isa = PBXFileReference; lastKnownFileType = image.png; path = btn_active_website_comment.png; sourceTree = "<group>"; };
		38E11CFF14B6EEF80001AC63 /* right_arrow.png */ = {isa = PBXFileReference; lastKnownFileType = image.png; path = right_arrow.png; sourceTree = "<group>"; };
		38E384DD14B1C2BC0055F31C /* A_1.png */ = {isa = PBXFileReference; lastKnownFileType = image.png; path = A_1.png; sourceTree = "<group>"; };
		38E384DE14B1C2BC0055F31C /* A_1@2x.png */ = {isa = PBXFileReference; lastKnownFileType = image.png; path = "A_1@2x.png"; sourceTree = "<group>"; };
		38E384DF14B1C2BC0055F31C /* A_5.png */ = {isa = PBXFileReference; lastKnownFileType = image.png; path = A_5.png; sourceTree = "<group>"; };
		38E384E014B1C2BC0055F31C /* A_5@2x.png */ = {isa = PBXFileReference; lastKnownFileType = image.png; path = "A_5@2x.png"; sourceTree = "<group>"; };
		38E384E114B1C2BC0055F31C /* TableHeader.png */ = {isa = PBXFileReference; lastKnownFileType = image.png; path = TableHeader.png; sourceTree = "<group>"; };
		38E7FAE014BC0243000E21FA /* ACFacebookShareView.h */ = {isa = PBXFileReference; fileEncoding = 4; lastKnownFileType = sourcecode.c.h; path = ACFacebookShareView.h; sourceTree = "<group>"; };
		38E7FAE114BC0243000E21FA /* ACFacebookShareView.m */ = {isa = PBXFileReference; fileEncoding = 4; lastKnownFileType = sourcecode.c.objc; path = ACFacebookShareView.m; sourceTree = "<group>"; };
		38E7FAE414BC0268000E21FA /* ACFacebookShareView.xib */ = {isa = PBXFileReference; fileEncoding = 4; lastKnownFileType = file.xib; path = ACFacebookShareView.xib; sourceTree = "<group>"; };
		38E7FAE714BC0661000E21FA /* Screen shot 2012-01-10 at 11.05.19 AM.png */ = {isa = PBXFileReference; lastKnownFileType = image.png; path = "Screen shot 2012-01-10 at 11.05.19 AM.png"; sourceTree = "<group>"; };
		38E7FAE914BC3627000E21FA /* Cancel.png */ = {isa = PBXFileReference; lastKnownFileType = image.png; path = Cancel.png; sourceTree = "<group>"; };
		38E7FB0714BC58F8000E21FA /* header_01.png */ = {isa = PBXFileReference; lastKnownFileType = image.png; path = header_01.png; sourceTree = "<group>"; };
		38E9A15014B2C8D900C11C56 /* ACOrganizerView.h */ = {isa = PBXFileReference; fileEncoding = 4; lastKnownFileType = sourcecode.c.h; path = ACOrganizerView.h; sourceTree = "<group>"; };
		38E9A15114B2C8D900C11C56 /* ACOrganizerView.m */ = {isa = PBXFileReference; fileEncoding = 4; lastKnownFileType = sourcecode.c.objc; path = ACOrganizerView.m; sourceTree = "<group>"; };
		38E9A15314B2C8ED00C11C56 /* ACOrganizerView.xib */ = {isa = PBXFileReference; fileEncoding = 4; lastKnownFileType = file.xib; path = ACOrganizerView.xib; sourceTree = "<group>"; };
		38E9A15514B3046600C11C56 /* ACEventsListViewController.h */ = {isa = PBXFileReference; fileEncoding = 4; lastKnownFileType = sourcecode.c.h; path = ACEventsListViewController.h; sourceTree = "<group>"; };
		38E9A15614B3046600C11C56 /* ACEventsListViewController.m */ = {isa = PBXFileReference; fileEncoding = 4; lastKnownFileType = sourcecode.c.objc; path = ACEventsListViewController.m; sourceTree = "<group>"; };
		38E9A15714B3046600C11C56 /* ACEventsListViewController.xib */ = {isa = PBXFileReference; fileEncoding = 4; lastKnownFileType = file.xib; path = ACEventsListViewController.xib; sourceTree = "<group>"; };
		38E9A15A14B3109F00C11C56 /* track1.png */ = {isa = PBXFileReference; lastKnownFileType = image.png; path = track1.png; sourceTree = "<group>"; };
		38E9A15B14B3109F00C11C56 /* track2.png */ = {isa = PBXFileReference; lastKnownFileType = image.png; path = track2.png; sourceTree = "<group>"; };
		38E9A15C14B3109F00C11C56 /* track3.png */ = {isa = PBXFileReference; lastKnownFileType = image.png; path = track3.png; sourceTree = "<group>"; };
		38E9A15D14B3109F00C11C56 /* track4.png */ = {isa = PBXFileReference; lastKnownFileType = image.png; path = track4.png; sourceTree = "<group>"; };
		38E9A15E14B3109F00C11C56 /* track5.png */ = {isa = PBXFileReference; lastKnownFileType = image.png; path = track5.png; sourceTree = "<group>"; };
		38E9A15F14B3109F00C11C56 /* track6.png */ = {isa = PBXFileReference; lastKnownFileType = image.png; path = track6.png; sourceTree = "<group>"; };
		38E9A16014B3109F00C11C56 /* track7.png */ = {isa = PBXFileReference; lastKnownFileType = image.png; path = track7.png; sourceTree = "<group>"; };
		38E9A16A14B313D300C11C56 /* Organizer.png */ = {isa = PBXFileReference; lastKnownFileType = image.png; path = Organizer.png; sourceTree = "<group>"; };
		38E9A17114B3230700C11C56 /* Availability.png */ = {isa = PBXFileReference; lastKnownFileType = image.png; path = Availability.png; sourceTree = "<group>"; };
		38E9A17314B3245800C11C56 /* clock-1.png */ = {isa = PBXFileReference; lastKnownFileType = image.png; path = "clock-1.png"; sourceTree = "<group>"; };
		38E9A17514B3283E00C11C56 /* keynote-icon-300x300.png */ = {isa = PBXFileReference; lastKnownFileType = image.png; path = "keynote-icon-300x300.png"; sourceTree = "<group>"; };
		38E9A17714B3326900C11C56 /* Activity_indicator-150x150.png */ = {isa = PBXFileReference; lastKnownFileType = image.png; path = "Activity_indicator-150x150.png"; sourceTree = "<group>"; };
		38EA0B2E14C5426A002BCAEC /* Catalog.plist */ = {isa = PBXFileReference; fileEncoding = 4; lastKnownFileType = text.plist.xml; path = Catalog.plist; sourceTree = "<group>"; };
		38EA874314BEACE30007E46E /* Screen shot 2012-01-12 at 11.22.12 AM.png */ = {isa = PBXFileReference; lastKnownFileType = image.png; path = "Screen shot 2012-01-12 at 11.22.12 AM.png"; sourceTree = "<group>"; };
		38EA874614BEB72E0007E46E /* cancelFB.png */ = {isa = PBXFileReference; lastKnownFileType = image.png; path = cancelFB.png; sourceTree = "<group>"; };
		38EA874C14BEEA610007E46E /* ACEventListTeaBreakCellView.xib */ = {isa = PBXFileReference; fileEncoding = 4; lastKnownFileType = file.xib; path = ACEventListTeaBreakCellView.xib; sourceTree = "<group>"; };
		38F915BF14B1AFF900415109 /* ACEventsListHeaderView.xib */ = {isa = PBXFileReference; fileEncoding = 4; lastKnownFileType = file.xib; path = ACEventsListHeaderView.xib; sourceTree = "<group>"; };
		38F915C114B1B22100415109 /* ACEventsListHeaderView.h */ = {isa = PBXFileReference; fileEncoding = 4; lastKnownFileType = sourcecode.c.h; path = ACEventsListHeaderView.h; sourceTree = "<group>"; };
		38F915C214B1B22100415109 /* ACEventsListHeaderView.m */ = {isa = PBXFileReference; fileEncoding = 4; lastKnownFileType = sourcecode.c.objc; path = ACEventsListHeaderView.m; sourceTree = "<group>"; };
		38F9B4C114B42CD900696426 /* show-result-BTN.png */ = {isa = PBXFileReference; lastKnownFileType = image.png; path = "show-result-BTN.png"; sourceTree = "<group>"; };
		38F9B4C314B42E4000696426 /* ACEventDescriptionWebviewController.h */ = {isa = PBXFileReference; fileEncoding = 4; lastKnownFileType = sourcecode.c.h; path = ACEventDescriptionWebviewController.h; sourceTree = "<group>"; };
		38F9B4C414B42E4100696426 /* ACEventDescriptionWebviewController.m */ = {isa = PBXFileReference; fileEncoding = 4; lastKnownFileType = sourcecode.c.objc; path = ACEventDescriptionWebviewController.m; sourceTree = "<group>"; };
		38F9B4C514B42E4100696426 /* ACEventDescriptionWebviewController.xib */ = {isa = PBXFileReference; fileEncoding = 4; lastKnownFileType = file.xib; path = ACEventDescriptionWebviewController.xib; sourceTree = "<group>"; };
		6A42701B14AC442B00F91472 /* TestUtility.h */ = {isa = PBXFileReference; fileEncoding = 4; lastKnownFileType = sourcecode.c.h; path = TestUtility.h; sourceTree = "<group>"; };
		6A42701C14AC442B00F91472 /* TestUtility.m */ = {isa = PBXFileReference; fileEncoding = 4; lastKnownFileType = sourcecode.c.objc; path = TestUtility.m; sourceTree = "<group>"; };
		6A42702214AC48B800F91472 /* SqliteDBManager.h */ = {isa = PBXFileReference; fileEncoding = 4; lastKnownFileType = sourcecode.c.h; path = SqliteDBManager.h; sourceTree = "<group>"; };
		6A42702314AC48B800F91472 /* SqliteDBManager.m */ = {isa = PBXFileReference; fileEncoding = 4; lastKnownFileType = sourcecode.c.objc; path = SqliteDBManager.m; sourceTree = "<group>"; };
		6A42702514AC4AA000F91472 /* libsqlite3.0.dylib */ = {isa = PBXFileReference; lastKnownFileType = "compiled.mach-o.dylib"; name = libsqlite3.0.dylib; path = usr/lib/libsqlite3.0.dylib; sourceTree = SDKROOT; };
		6A42703614AC4E6500F91472 /* icon_app.png */ = {isa = PBXFileReference; lastKnownFileType = image.png; path = icon_app.png; sourceTree = "<group>"; };
		6A42703814AC6FD200F91472 /* AgileConference.db */ = {isa = PBXFileReference; fileEncoding = 4; lastKnownFileType = text; path = AgileConference.db; sourceTree = "<group>"; };
		6A42704014AC70FB00F91472 /* DataCache.h */ = {isa = PBXFileReference; fileEncoding = 4; lastKnownFileType = sourcecode.c.h; path = DataCache.h; sourceTree = "<group>"; };
		6A42704114AC70FB00F91472 /* DataCache.m */ = {isa = PBXFileReference; fileEncoding = 4; lastKnownFileType = sourcecode.c.objc; path = DataCache.m; sourceTree = "<group>"; };
		6A42704214AC70FB00F91472 /* FlowCoverView.h */ = {isa = PBXFileReference; fileEncoding = 4; lastKnownFileType = sourcecode.c.h; path = FlowCoverView.h; sourceTree = "<group>"; };
		6A42704314AC70FB00F91472 /* FlowCoverView.m */ = {isa = PBXFileReference; fileEncoding = 4; lastKnownFileType = sourcecode.c.objc; path = FlowCoverView.m; sourceTree = "<group>"; };
		6A42704614AC70FB00F91472 /* popoverArrowDown.png */ = {isa = PBXFileReference; lastKnownFileType = image.png; path = popoverArrowDown.png; sourceTree = "<group>"; };
		6A42704714AC70FB00F91472 /* popoverArrowDown@2x.png */ = {isa = PBXFileReference; lastKnownFileType = image.png; path = "popoverArrowDown@2x.png"; sourceTree = "<group>"; };
		6A42704814AC70FB00F91472 /* popoverArrowLeft.png */ = {isa = PBXFileReference; lastKnownFileType = image.png; path = popoverArrowLeft.png; sourceTree = "<group>"; };
		6A42704914AC70FB00F91472 /* popoverArrowLeft@2x.png */ = {isa = PBXFileReference; lastKnownFileType = image.png; path = "popoverArrowLeft@2x.png"; sourceTree = "<group>"; };
		6A42704A14AC70FB00F91472 /* popoverArrowRight.png */ = {isa = PBXFileReference; lastKnownFileType = image.png; path = popoverArrowRight.png; sourceTree = "<group>"; };
		6A42704B14AC70FB00F91472 /* popoverArrowRight@2x.png */ = {isa = PBXFileReference; lastKnownFileType = image.png; path = "popoverArrowRight@2x.png"; sourceTree = "<group>"; };
		6A42704C14AC70FB00F91472 /* popoverArrowUp.png */ = {isa = PBXFileReference; lastKnownFileType = image.png; path = popoverArrowUp.png; sourceTree = "<group>"; };
		6A42704D14AC70FB00F91472 /* popoverArrowUp@2x.png */ = {isa = PBXFileReference; lastKnownFileType = image.png; path = "popoverArrowUp@2x.png"; sourceTree = "<group>"; };
		6A42704E14AC70FB00F91472 /* popoverBg.png */ = {isa = PBXFileReference; lastKnownFileType = image.png; path = popoverBg.png; sourceTree = "<group>"; };
		6A42704F14AC70FB00F91472 /* popoverBg@2x.png */ = {isa = PBXFileReference; lastKnownFileType = image.png; path = "popoverBg@2x.png"; sourceTree = "<group>"; };
		6A42705014AC70FB00F91472 /* WEPopoverContainerView.h */ = {isa = PBXFileReference; fileEncoding = 4; lastKnownFileType = sourcecode.c.h; path = WEPopoverContainerView.h; sourceTree = "<group>"; };
		6A42705114AC70FB00F91472 /* WEPopoverContainerView.m */ = {isa = PBXFileReference; fileEncoding = 4; lastKnownFileType = sourcecode.c.objc; path = WEPopoverContainerView.m; sourceTree = "<group>"; };
		6A42705214AC70FB00F91472 /* WEPopoverController.h */ = {isa = PBXFileReference; fileEncoding = 4; lastKnownFileType = sourcecode.c.h; path = WEPopoverController.h; sourceTree = "<group>"; };
		6A42705314AC70FB00F91472 /* WEPopoverController.m */ = {isa = PBXFileReference; fileEncoding = 4; lastKnownFileType = sourcecode.c.objc; path = WEPopoverController.m; sourceTree = "<group>"; };
		6A42705414AC70FB00F91472 /* WEPopoverParentView.h */ = {isa = PBXFileReference; fileEncoding = 4; lastKnownFileType = sourcecode.c.h; path = WEPopoverParentView.h; sourceTree = "<group>"; };
		6A42705B14AC70FC00F91472 /* ACTracksEventsListViewController.xib */ = {isa = PBXFileReference; fileEncoding = 4; lastKnownFileType = file.xib; path = ACTracksEventsListViewController.xib; sourceTree = "<group>"; };
		6A42706F14AC712700F91472 /* QuartzCore.framework */ = {isa = PBXFileReference; lastKnownFileType = wrapper.framework; name = QuartzCore.framework; path = System/Library/Frameworks/QuartzCore.framework; sourceTree = SDKROOT; };
		6A42707114AC713600F91472 /* OpenGLES.framework */ = {isa = PBXFileReference; lastKnownFileType = wrapper.framework; name = OpenGLES.framework; path = System/Library/Frameworks/OpenGLES.framework; sourceTree = SDKROOT; };
		6A42707414AC71CB00F91472 /* ACAppController.h */ = {isa = PBXFileReference; fileEncoding = 4; lastKnownFileType = sourcecode.c.h; path = ACAppController.h; sourceTree = "<group>"; };
		6A42707514AC71CB00F91472 /* ACAppController.m */ = {isa = PBXFileReference; fileEncoding = 4; lastKnownFileType = sourcecode.c.objc; path = ACAppController.m; sourceTree = "<group>"; };
		6A42707614AC71CB00F91472 /* ACAppController_iPad.xib */ = {isa = PBXFileReference; fileEncoding = 4; lastKnownFileType = file.xib; path = ACAppController_iPad.xib; sourceTree = "<group>"; };
		6A42707814AC71CB00F91472 /* ACAppDelegate.h */ = {isa = PBXFileReference; fileEncoding = 4; lastKnownFileType = sourcecode.c.h; path = ACAppDelegate.h; sourceTree = "<group>"; };
		6A42707914AC71CB00F91472 /* ACAppDelegate.m */ = {isa = PBXFileReference; fileEncoding = 4; lastKnownFileType = sourcecode.c.objc; path = ACAppDelegate.m; sourceTree = "<group>"; };
		6A42707A14AC71CB00F91472 /* ACCustomRootViewController.h */ = {isa = PBXFileReference; fileEncoding = 4; lastKnownFileType = sourcecode.c.h; path = ACCustomRootViewController.h; sourceTree = "<group>"; };
		6A42707B14AC71CB00F91472 /* ACCustomRootViewController.m */ = {isa = PBXFileReference; fileEncoding = 4; lastKnownFileType = sourcecode.c.objc; path = ACCustomRootViewController.m; sourceTree = "<group>"; };
		6A42707C14AC71CB00F91472 /* ACCustomRootViewController.xib */ = {isa = PBXFileReference; fileEncoding = 4; lastKnownFileType = file.xib; path = ACCustomRootViewController.xib; sourceTree = "<group>"; };
		6A42709F14AC81CA00F91472 /* Speaker.plist */ = {isa = PBXFileReference; fileEncoding = 4; lastKnownFileType = text.plist.xml; path = Speaker.plist; sourceTree = "<group>"; };
		6A4270A114AC821100F91472 /* Topic.plist */ = {isa = PBXFileReference; fileEncoding = 4; lastKnownFileType = text.plist.xml; path = Topic.plist; sourceTree = "<group>"; };
		6A4270A414AC831700F91472 /* Speaker_1.html */ = {isa = PBXFileReference; fileEncoding = 4; lastKnownFileType = text.html; path = Speaker_1.html; sourceTree = "<group>"; };
		6A4270A614AC835C00F91472 /* Topic_1.html */ = {isa = PBXFileReference; fileEncoding = 4; lastKnownFileType = text.html; path = Topic_1.html; sourceTree = "<group>"; };
		6A4270A814AC945F00F91472 /* Favorite.plist */ = {isa = PBXFileReference; fileEncoding = 4; lastKnownFileType = text.plist.xml; path = Favorite.plist; sourceTree = "<group>"; };
		6A4270AA14AC94E200F91472 /* Participated.plist */ = {isa = PBXFileReference; fileEncoding = 4; lastKnownFileType = text.plist.xml; path = Participated.plist; sourceTree = "<group>"; };
		6A9F7FA114A88F5300E3F55C /* AgileConference.app */ = {isa = PBXFileReference; explicitFileType = wrapper.application; includeInIndex = 0; path = AgileConference.app; sourceTree = BUILT_PRODUCTS_DIR; };
		6A9F7FA514A88F5300E3F55C /* UIKit.framework */ = {isa = PBXFileReference; lastKnownFileType = wrapper.framework; name = UIKit.framework; path = System/Library/Frameworks/UIKit.framework; sourceTree = SDKROOT; };
		6A9F7FA714A88F5300E3F55C /* Foundation.framework */ = {isa = PBXFileReference; lastKnownFileType = wrapper.framework; name = Foundation.framework; path = System/Library/Frameworks/Foundation.framework; sourceTree = SDKROOT; };
		6A9F7FA914A88F5300E3F55C /* CoreGraphics.framework */ = {isa = PBXFileReference; lastKnownFileType = wrapper.framework; name = CoreGraphics.framework; path = System/Library/Frameworks/CoreGraphics.framework; sourceTree = SDKROOT; };
		6A9F7FAD14A88F5300E3F55C /* AgileConference-Info.plist */ = {isa = PBXFileReference; lastKnownFileType = text.plist.xml; path = "AgileConference-Info.plist"; sourceTree = "<group>"; };
		6A9F7FAF14A88F5300E3F55C /* en */ = {isa = PBXFileReference; lastKnownFileType = text.plist.strings; name = en; path = en.lproj/InfoPlist.strings; sourceTree = "<group>"; };
		6A9F7FB114A88F5300E3F55C /* main.m */ = {isa = PBXFileReference; lastKnownFileType = sourcecode.c.objc; path = main.m; sourceTree = "<group>"; };
		6A9F7FB314A88F5300E3F55C /* AgileConference-Prefix.pch */ = {isa = PBXFileReference; lastKnownFileType = sourcecode.c.h; path = "AgileConference-Prefix.pch"; sourceTree = "<group>"; };
		6A9F7FC514A88F5300E3F55C /* AgileConferenceTests.octest */ = {isa = PBXFileReference; explicitFileType = wrapper.cfbundle; includeInIndex = 0; path = AgileConferenceTests.octest; sourceTree = BUILT_PRODUCTS_DIR; };
		6A9F7FC614A88F5300E3F55C /* SenTestingKit.framework */ = {isa = PBXFileReference; lastKnownFileType = wrapper.framework; name = SenTestingKit.framework; path = Library/Frameworks/SenTestingKit.framework; sourceTree = DEVELOPER_DIR; };
		6A9F7FCE14A88F5300E3F55C /* AgileConferenceTests-Info.plist */ = {isa = PBXFileReference; lastKnownFileType = text.plist.xml; path = "AgileConferenceTests-Info.plist"; sourceTree = "<group>"; };
		6A9F7FD014A88F5300E3F55C /* en */ = {isa = PBXFileReference; lastKnownFileType = text.plist.strings; name = en; path = en.lproj/InfoPlist.strings; sourceTree = "<group>"; };
		6A9F7FD214A88F5300E3F55C /* AgileConferenceTests.h */ = {isa = PBXFileReference; lastKnownFileType = sourcecode.c.h; path = AgileConferenceTests.h; sourceTree = "<group>"; };
		6A9F7FD314A88F5300E3F55C /* AgileConferenceTests.m */ = {isa = PBXFileReference; lastKnownFileType = sourcecode.c.objc; path = AgileConferenceTests.m; sourceTree = "<group>"; };
		6AE5515614A9DEBB00391597 /* ACAppSetting.h */ = {isa = PBXFileReference; fileEncoding = 4; lastKnownFileType = sourcecode.c.h; path = ACAppSetting.h; sourceTree = "<group>"; };
		6AE5515714A9DEBB00391597 /* ACAppSetting.m */ = {isa = PBXFileReference; fileEncoding = 4; lastKnownFileType = sourcecode.c.objc; path = ACAppSetting.m; sourceTree = "<group>"; };
		6AE5516314A9EB4200391597 /* CFNetwork.framework */ = {isa = PBXFileReference; lastKnownFileType = wrapper.framework; name = CFNetwork.framework; path = System/Library/Frameworks/CFNetwork.framework; sourceTree = SDKROOT; };
		6AE5516514A9EB8B00391597 /* SystemConfiguration.framework */ = {isa = PBXFileReference; lastKnownFileType = wrapper.framework; name = SystemConfiguration.framework; path = System/Library/Frameworks/SystemConfiguration.framework; sourceTree = SDKROOT; };
		6AE5516714A9EBA100391597 /* MobileCoreServices.framework */ = {isa = PBXFileReference; lastKnownFileType = wrapper.framework; name = MobileCoreServices.framework; path = System/Library/Frameworks/MobileCoreServices.framework; sourceTree = SDKROOT; };
		6AE5516914A9EF8000391597 /* CoreFoundation.framework */ = {isa = PBXFileReference; lastKnownFileType = wrapper.framework; name = CoreFoundation.framework; path = System/Library/Frameworks/CoreFoundation.framework; sourceTree = SDKROOT; };
		C5E0E82A14AAB0C20084FA2F /* CommonUtility.h */ = {isa = PBXFileReference; fileEncoding = 4; lastKnownFileType = sourcecode.c.h; path = CommonUtility.h; sourceTree = "<group>"; };
		C5E0E82B14AAB0C20084FA2F /* CommonUtility.m */ = {isa = PBXFileReference; fileEncoding = 4; lastKnownFileType = sourcecode.c.objc; path = CommonUtility.m; sourceTree = "<group>"; };
		C5E0E82C14AAB0C20084FA2F /* ViewUtility.h */ = {isa = PBXFileReference; fileEncoding = 4; lastKnownFileType = sourcecode.c.h; path = ViewUtility.h; sourceTree = "<group>"; };
		C5E0E82D14AAB0C20084FA2F /* ViewUtility.m */ = {isa = PBXFileReference; fileEncoding = 4; lastKnownFileType = sourcecode.c.objc; path = ViewUtility.m; sourceTree = "<group>"; };
		C5E0E83814AAB2440084FA2F /* ACCommonDelegate.h */ = {isa = PBXFileReference; fileEncoding = 4; lastKnownFileType = sourcecode.c.h; path = ACCommonDelegate.h; sourceTree = "<group>"; };
		C5E0E83D14AAB2F10084FA2F /* ACNetworkHandler.h */ = {isa = PBXFileReference; fileEncoding = 4; lastKnownFileType = sourcecode.c.h; path = ACNetworkHandler.h; sourceTree = "<group>"; };
		C5E0E83E14AAB2F10084FA2F /* ACNetworkHandler.m */ = {isa = PBXFileReference; fileEncoding = 4; lastKnownFileType = sourcecode.c.objc; path = ACNetworkHandler.m; sourceTree = "<group>"; };
		C5E0E84014AAB3330084FA2F /* ACXMLParser.h */ = {isa = PBXFileReference; fileEncoding = 4; lastKnownFileType = sourcecode.c.h; path = ACXMLParser.h; sourceTree = "<group>"; };
		C5E0E84114AAB3330084FA2F /* ACXMLParser.m */ = {isa = PBXFileReference; fileEncoding = 4; lastKnownFileType = sourcecode.c.objc; path = ACXMLParser.m; sourceTree = "<group>"; };
		C5E0E84E14AAB4360084FA2F /* ACOrganiser.h */ = {isa = PBXFileReference; fileEncoding = 4; lastKnownFileType = sourcecode.c.h; path = ACOrganiser.h; sourceTree = "<group>"; };
		C5E0E84F14AAB4360084FA2F /* ACOrganiser.m */ = {isa = PBXFileReference; fileEncoding = 4; lastKnownFileType = sourcecode.c.objc; path = ACOrganiser.m; sourceTree = "<group>"; };
		CF770DA814AE520100DEAC5C /* AVEventsListCellView.xib */ = {isa = PBXFileReference; fileEncoding = 4; lastKnownFileType = file.xib; path = AVEventsListCellView.xib; sourceTree = "<group>"; };
		CF770DAA14AE521900DEAC5C /* AVEventsListCellView.h */ = {isa = PBXFileReference; fileEncoding = 4; lastKnownFileType = sourcecode.c.h; path = AVEventsListCellView.h; sourceTree = "<group>"; };
		CF770DAB14AE521900DEAC5C /* AVEventsListCellView.m */ = {isa = PBXFileReference; fileEncoding = 4; lastKnownFileType = sourcecode.c.objc; path = AVEventsListCellView.m; sourceTree = "<group>"; };
		CF770DAD14AE523900DEAC5C /* AVEventsListTableCellView.h */ = {isa = PBXFileReference; fileEncoding = 4; lastKnownFileType = sourcecode.c.h; path = AVEventsListTableCellView.h; sourceTree = "<group>"; };
		CF770DAE14AE523900DEAC5C /* AVEventsListTableCellView.m */ = {isa = PBXFileReference; fileEncoding = 4; lastKnownFileType = sourcecode.c.objc; path = AVEventsListTableCellView.m; sourceTree = "<group>"; };
		CF7EA66714AEE8CB00061E07 /* ACAboutViewController.h */ = {isa = PBXFileReference; fileEncoding = 4; lastKnownFileType = sourcecode.c.h; path = ACAboutViewController.h; sourceTree = "<group>"; };
		CF7EA66814AEE8CB00061E07 /* ACAboutViewController.m */ = {isa = PBXFileReference; fileEncoding = 4; lastKnownFileType = sourcecode.c.objc; path = ACAboutViewController.m; sourceTree = "<group>"; };
		CF7EA66914AEE8CB00061E07 /* ACAboutViewController.xib */ = {isa = PBXFileReference; fileEncoding = 4; lastKnownFileType = file.xib; path = ACAboutViewController.xib; sourceTree = "<group>"; };
		CF9A268414B0C34D00568DB5 /* ACEventDetailViewController.h */ = {isa = PBXFileReference; fileEncoding = 4; lastKnownFileType = sourcecode.c.h; path = ACEventDetailViewController.h; sourceTree = "<group>"; };
		CF9A268514B0C34D00568DB5 /* ACEventDetailViewController.m */ = {isa = PBXFileReference; fileEncoding = 4; lastKnownFileType = sourcecode.c.objc; path = ACEventDetailViewController.m; sourceTree = "<group>"; };
		CF9A268614B0C34D00568DB5 /* ACEventDetailViewController.xib */ = {isa = PBXFileReference; fileEncoding = 4; lastKnownFileType = file.xib; path = ACEventDetailViewController.xib; sourceTree = "<group>"; };
/* End PBXFileReference section */

/* Begin PBXFrameworksBuildPhase section */
		6A9F7F9E14A88F5300E3F55C /* Frameworks */ = {
			isa = PBXFrameworksBuildPhase;
			buildActionMask = 2147483647;
			files = (
				3878305E14B740A20007133B /* Twitter.framework in Frameworks */,
				6A42707214AC713600F91472 /* OpenGLES.framework in Frameworks */,
				6A42707014AC712700F91472 /* QuartzCore.framework in Frameworks */,
				6A42702614AC4AA000F91472 /* libsqlite3.0.dylib in Frameworks */,
				6AE5516A14A9EF8000391597 /* CoreFoundation.framework in Frameworks */,
				6AE5516814A9EBA100391597 /* MobileCoreServices.framework in Frameworks */,
				6AE5516614A9EB8C00391597 /* SystemConfiguration.framework in Frameworks */,
				6AE5516414A9EB4200391597 /* CFNetwork.framework in Frameworks */,
				6A9F7FA614A88F5300E3F55C /* UIKit.framework in Frameworks */,
				6A9F7FA814A88F5300E3F55C /* Foundation.framework in Frameworks */,
				6A9F7FAA14A88F5300E3F55C /* CoreGraphics.framework in Frameworks */,
			);
			runOnlyForDeploymentPostprocessing = 0;
		};
		6A9F7FC114A88F5300E3F55C /* Frameworks */ = {
			isa = PBXFrameworksBuildPhase;
			buildActionMask = 2147483647;
			files = (
				6A9F7FC714A88F5300E3F55C /* SenTestingKit.framework in Frameworks */,
				6A9F7FC814A88F5300E3F55C /* UIKit.framework in Frameworks */,
				6A9F7FC914A88F5300E3F55C /* Foundation.framework in Frameworks */,
			);
			runOnlyForDeploymentPostprocessing = 0;
		};
/* End PBXFrameworksBuildPhase section */

/* Begin PBXGroup section */
		3858C71414ACB68E00C19AA5 /* ShareImages */ = {
			isa = PBXGroup;
			children = (
				3858C71914ACB6B300C19AA5 /* twitterIcon.png */,
				3858C71B14ACB6D000C19AA5 /* WriteReviewIcon.gif */,
				3858C71714ACB6A600C19AA5 /* facebookIcon.png */,
				3858C71514ACB69F00C19AA5 /* linkedIcon.png */,
			);
			path = ShareImages;
			sourceTree = "<group>";
		};
		3878305314B73D6D0007133B /* Linkedin */ = {
			isa = PBXGroup;
			children = (
			);
			path = Linkedin;
			sourceTree = "<group>";
		};
		387EDDEF14AAF14100F5B9FF /* Constants */ = {
			isa = PBXGroup;
			children = (
				387EDDF014AAF16A00F5B9FF /* ACAppConstants.h */,
			);
			path = Constants;
			sourceTree = "<group>";
		};
		3886425D14ADE6CE005B520D /* UIViews */ = {
			isa = PBXGroup;
			children = (
				3886426D14ADE9E6005B520D /* iPhone */,
				3886425E14ADE6CE005B520D /* iPad */,
			);
			path = UIViews;
			sourceTree = "<group>";
		};
		3886425E14ADE6CE005B520D /* iPad */ = {
			isa = PBXGroup;
			children = (
			);
			path = iPad;
			sourceTree = "<group>";
		};
		3886426D14ADE9E6005B520D /* iPhone */ = {
			isa = PBXGroup;
			children = (
				CF770DA714AE51CD00DEAC5C /* TableCellViews */,
				3886426F14ADE9F9005B520D /* ACSearchView.m */,
				3886426E14ADE9F9005B520D /* ACSearchView.h */,
				3886427B14ADF476005B520D /* ACSearchView.xib */,
				38F915C114B1B22100415109 /* ACEventsListHeaderView.h */,
				38F915C214B1B22100415109 /* ACEventsListHeaderView.m */,
				38F915BF14B1AFF900415109 /* ACEventsListHeaderView.xib */,
				38E9A15014B2C8D900C11C56 /* ACOrganizerView.h */,
				38E9A15114B2C8D900C11C56 /* ACOrganizerView.m */,
				38E9A15314B2C8ED00C11C56 /* ACOrganizerView.xib */,
				3878300514B723520007133B /* ACSplashView.h */,
				3878300614B723530007133B /* ACSplashView.m */,
				3878300814B723730007133B /* ACSplashView.xib */,
				38E7FAE014BC0243000E21FA /* ACFacebookShareView.h */,
				38E7FAE114BC0243000E21FA /* ACFacebookShareView.m */,
				38E7FAE414BC0268000E21FA /* ACFacebookShareView.xib */,
				384D9A2114C404D1001D0DC9 /* ACRateView.h */,
				384D9A2214C404D1001D0DC9 /* ACRateView.m */,
				384D9A1E14C404B8001D0DC9 /* ACRateView.xib */,
			);
			path = iPhone;
			sourceTree = "<group>";
		};
		388E976514BB171500C6F0D2 /* SocialNetworks */ = {
			isa = PBXGroup;
			children = (
				388E976614BB171500C6F0D2 /* Facebook */,
			);
			path = SocialNetworks;
			sourceTree = "<group>";
		};
		388E976614BB171500C6F0D2 /* Facebook */ = {
			isa = PBXGroup;
			children = (
				388E976714BB171500C6F0D2 /* FbGraphAPI */,
				388E976E14BB171500C6F0D2 /* JSON */,
			);
			path = Facebook;
			sourceTree = "<group>";
		};
		388E976714BB171500C6F0D2 /* FbGraphAPI */ = {
			isa = PBXGroup;
			children = (
				388E976814BB171500C6F0D2 /* FbGraph.h */,
				388E976914BB171500C6F0D2 /* FbGraph.m */,
				388E976A14BB171500C6F0D2 /* FbGraphFile.h */,
				388E976B14BB171500C6F0D2 /* FbGraphFile.m */,
				388E976C14BB171500C6F0D2 /* FbGraphResponse.h */,
				388E976D14BB171500C6F0D2 /* FbGraphResponse.m */,
			);
			path = FbGraphAPI;
			sourceTree = "<group>";
		};
		388E976E14BB171500C6F0D2 /* JSON */ = {
			isa = PBXGroup;
			children = (
				388E976F14BB171500C6F0D2 /* JSON.h */,
				388E977014BB171500C6F0D2 /* NSObject+SBJSON.h */,
				388E977114BB171500C6F0D2 /* NSObject+SBJSON.m */,
				388E977214BB171500C6F0D2 /* NSString+SBJSON.h */,
				388E977314BB171500C6F0D2 /* NSString+SBJSON.m */,
				388E977414BB171500C6F0D2 /* SBJSON.h */,
				388E977514BB171500C6F0D2 /* SBJSON.m */,
				388E977614BB171500C6F0D2 /* SBJsonBase.h */,
				388E977714BB171500C6F0D2 /* SBJsonBase.m */,
				388E977814BB171500C6F0D2 /* SBJsonParser.h */,
				388E977914BB171500C6F0D2 /* SBJsonParser.m */,
				388E977A14BB171500C6F0D2 /* SBJsonWriter.h */,
				388E977B14BB171500C6F0D2 /* SBJsonWriter.m */,
			);
			path = JSON;
			sourceTree = "<group>";
		};
		38E384DC14B1C2BC0055F31C /* EventsListTableImages */ = {
			isa = PBXGroup;
			children = (
				38E9A16C14B3208500C11C56 /* CellImages */,
				38E384DD14B1C2BC0055F31C /* A_1.png */,
				38E384DE14B1C2BC0055F31C /* A_1@2x.png */,
				38E384DF14B1C2BC0055F31C /* A_5.png */,
				38E384E014B1C2BC0055F31C /* A_5@2x.png */,
				38E384E114B1C2BC0055F31C /* TableHeader.png */,
			);
			path = EventsListTableImages;
			sourceTree = "<group>";
		};
		38E7FAE614BC0658000E21FA /* FacebookShareView */ = {
			isa = PBXGroup;
			children = (
				38EA874614BEB72E0007E46E /* cancelFB.png */,
				38EA874314BEACE30007E46E /* Screen shot 2012-01-12 at 11.22.12 AM.png */,
				38E7FAE914BC3627000E21FA /* Cancel.png */,
				38E7FAE714BC0661000E21FA /* Screen shot 2012-01-10 at 11.05.19 AM.png */,
			);
			path = FacebookShareView;
			sourceTree = "<group>";
		};
		38E9A16C14B3208500C11C56 /* CellImages */ = {
			isa = PBXGroup;
			children = (
				38782FB714B719BD0007133B /* Favorites.png */,
				38360E3814B49001006378AA /* images.png */,
				38E9A17514B3283E00C11C56 /* keynote-icon-300x300.png */,
				38E9A17714B3326900C11C56 /* Activity_indicator-150x150.png */,
				38E9A17314B3245800C11C56 /* clock-1.png */,
				38E9A17114B3230700C11C56 /* Availability.png */,
			);
			path = CellImages;
			sourceTree = "<group>";
		};
		38F9B4BF14B42CB800696426 /* EventDetailScreenImages */ = {
			isa = PBXGroup;
			children = (
				384D9A2814C408BC001D0DC9 /* kermit_full.png */,
				384D9A2514C404FD001D0DC9 /* kermit_empty.png */,
				38E11CFF14B6EEF80001AC63 /* right_arrow.png */,
				38E11CFB14B6D1F40001AC63 /* ViewDetail.png */,
				38E11CFD14B6D4220001AC63 /* btn_active_website_comment.png */,
				38E11CF914B6CCB60001AC63 /* bg_moderator_notes1.png */,
				38360E3614B489B0006378AA /* button_close.png */,
				38360E3414B48910006378AA /* bg_createProject_frame.png */,
				38F9B4C114B42CD900696426 /* show-result-BTN.png */,
			);
			path = EventDetailScreenImages;
			sourceTree = "<group>";
		};
		6A42702B14AC4D9900F91472 /* AppResources */ = {
			isa = PBXGroup;
			children = (
				6A4270A314AC828E00F91472 /* Files */,
				6A42702C14AC4D9900F91472 /* Database */,
				6A42702E14AC4D9900F91472 /* Images */,
				6A42702F14AC4D9900F91472 /* plist */,
			);
			path = AppResources;
			sourceTree = "<group>";
		};
		6A42702C14AC4D9900F91472 /* Database */ = {
			isa = PBXGroup;
			children = (
				6A42703814AC6FD200F91472 /* AgileConference.db */,
			);
			path = Database;
			sourceTree = "<group>";
		};
		6A42702E14AC4D9900F91472 /* Images */ = {
			isa = PBXGroup;
			children = (
				38E7FAE614BC0658000E21FA /* FacebookShareView */,
				38F9B4BF14B42CB800696426 /* EventDetailScreenImages */,
				38E384DC14B1C2BC0055F31C /* EventsListTableImages */,
				3858C71414ACB68E00C19AA5 /* ShareImages */,
				6A42708314AC71E800F91472 /* HomeScreen */,
				6A42703614AC4E6500F91472 /* icon_app.png */,
			);
			path = Images;
			sourceTree = "<group>";
		};
		6A42702F14AC4D9900F91472 /* plist */ = {
			isa = PBXGroup;
			children = (
				38EA0B2E14C5426A002BCAEC /* Catalog.plist */,
				6A42709F14AC81CA00F91472 /* Speaker.plist */,
				6A4270A114AC821100F91472 /* Topic.plist */,
				6A4270A814AC945F00F91472 /* Favorite.plist */,
				6A4270AA14AC94E200F91472 /* Participated.plist */,
			);
			path = plist;
			sourceTree = "<group>";
		};
		6A42703E14AC70FB00F91472 /* SupportingLibraries */ = {
			isa = PBXGroup;
			children = (
				388E976514BB171500C6F0D2 /* SocialNetworks */,
				6A42703F14AC70FB00F91472 /* CoverFlow */,
				6A42704414AC70FB00F91472 /* CustomPopover */,
			);
			path = SupportingLibraries;
			sourceTree = "<group>";
		};
		6A42703F14AC70FB00F91472 /* CoverFlow */ = {
			isa = PBXGroup;
			children = (
				6A42704014AC70FB00F91472 /* DataCache.h */,
				6A42704114AC70FB00F91472 /* DataCache.m */,
				6A42704214AC70FB00F91472 /* FlowCoverView.h */,
				6A42704314AC70FB00F91472 /* FlowCoverView.m */,
			);
			path = CoverFlow;
			sourceTree = "<group>";
		};
		6A42704414AC70FB00F91472 /* CustomPopover */ = {
			isa = PBXGroup;
			children = (
				6A42704514AC70FB00F91472 /* Images */,
				6A42705014AC70FB00F91472 /* WEPopoverContainerView.h */,
				6A42705114AC70FB00F91472 /* WEPopoverContainerView.m */,
				6A42705214AC70FB00F91472 /* WEPopoverController.h */,
				6A42705314AC70FB00F91472 /* WEPopoverController.m */,
				6A42705414AC70FB00F91472 /* WEPopoverParentView.h */,
			);
			path = CustomPopover;
			sourceTree = "<group>";
		};
		6A42704514AC70FB00F91472 /* Images */ = {
			isa = PBXGroup;
			children = (
				6A42704614AC70FB00F91472 /* popoverArrowDown.png */,
				6A42704714AC70FB00F91472 /* popoverArrowDown@2x.png */,
				6A42704814AC70FB00F91472 /* popoverArrowLeft.png */,
				6A42704914AC70FB00F91472 /* popoverArrowLeft@2x.png */,
				6A42704A14AC70FB00F91472 /* popoverArrowRight.png */,
				6A42704B14AC70FB00F91472 /* popoverArrowRight@2x.png */,
				6A42704C14AC70FB00F91472 /* popoverArrowUp.png */,
				6A42704D14AC70FB00F91472 /* popoverArrowUp@2x.png */,
				6A42704E14AC70FB00F91472 /* popoverBg.png */,
				6A42704F14AC70FB00F91472 /* popoverBg@2x.png */,
			);
			path = Images;
			sourceTree = "<group>";
		};
		6A42705514AC70FB00F91472 /* UIViewControllers */ = {
			isa = PBXGroup;
			children = (
				6A42705614AC70FC00F91472 /* iPad */,
				6A42705714AC70FC00F91472 /* iPhone */,
			);
			path = UIViewControllers;
			sourceTree = "<group>";
		};
		6A42705614AC70FC00F91472 /* iPad */ = {
			isa = PBXGroup;
			children = (
			);
			path = iPad;
			sourceTree = "<group>";
		};
		6A42705714AC70FC00F91472 /* iPhone */ = {
			isa = PBXGroup;
			children = (
				3878305314B73D6D0007133B /* Linkedin */,
				6A42705814AC70FC00F91472 /* PopoverViewControllers */,
				CF7EA66714AEE8CB00061E07 /* ACAboutViewController.h */,
				CF7EA66814AEE8CB00061E07 /* ACAboutViewController.m */,
				CF7EA66914AEE8CB00061E07 /* ACAboutViewController.xib */,
				38E9A15514B3046600C11C56 /* ACEventsListViewController.h */,
				38E9A15614B3046600C11C56 /* ACEventsListViewController.m */,
				38E9A15714B3046600C11C56 /* ACEventsListViewController.xib */,
				CF9A268414B0C34D00568DB5 /* ACEventDetailViewController.h */,
				CF9A268514B0C34D00568DB5 /* ACEventDetailViewController.m */,
				CF9A268614B0C34D00568DB5 /* ACEventDetailViewController.xib */,
				38F9B4C314B42E4000696426 /* ACEventDescriptionWebviewController.h */,
				38F9B4C414B42E4100696426 /* ACEventDescriptionWebviewController.m */,
				38F9B4C514B42E4100696426 /* ACEventDescriptionWebviewController.xib */,
				381A5CAD14BDA66F00B0E25C /* ACFeedbackViewController.h */,
				381A5CAE14BDA66F00B0E25C /* ACFeedbackViewController.m */,
				381A5CAF14BDA66F00B0E25C /* ACFeedbackViewController.xib */,
			);
			path = iPhone;
			sourceTree = "<group>";
		};
		6A42705814AC70FC00F91472 /* PopoverViewControllers */ = {
			isa = PBXGroup;
			children = (
				38360E2F14B473AB006378AA /* ACTracksEventsListViewController.h */,
				38360E3014B473AB006378AA /* ACTracksEventsListViewController.m */,
				6A42705B14AC70FC00F91472 /* ACTracksEventsListViewController.xib */,
				3858C70714AC9FA100C19AA5 /* ACSearchPopoverViewController.h */,
				3858C70814AC9FA100C19AA5 /* ACSearchPopoverViewController.m */,
				3858C70914AC9FA100C19AA5 /* ACSearchPopoverViewController.xib */,
			);
			path = PopoverViewControllers;
			sourceTree = "<group>";
		};
		6A42707314AC71CB00F91472 /* AppController */ = {
			isa = PBXGroup;
			children = (
				6A42707814AC71CB00F91472 /* ACAppDelegate.h */,
				6A42707914AC71CB00F91472 /* ACAppDelegate.m */,
				6A42707A14AC71CB00F91472 /* ACCustomRootViewController.h */,
				6A42707B14AC71CB00F91472 /* ACCustomRootViewController.m */,
				6A42707C14AC71CB00F91472 /* ACCustomRootViewController.xib */,
				6A42707414AC71CB00F91472 /* ACAppController.h */,
				6A42707514AC71CB00F91472 /* ACAppController.m */,
				6A42707614AC71CB00F91472 /* ACAppController_iPad.xib */,
				3886424F14ADCF33005B520D /* ACAppController_iPhone.xib */,
			);
			path = AppController;
			sourceTree = "<group>";
		};
		6A42708314AC71E800F91472 /* HomeScreen */ = {
			isa = PBXGroup;
			children = (
				381A5C9914BD5E8C00B0E25C /* btn_blank_blue.png */,
				3847DBE014BC78B800A8D542 /* bg.png */,
				3847DBE414BC79AF00A8D542 /* agile.png */,
				381A5CA414BD8CCF00B0E25C /* AboutTextViewBG.png */,
				381A5CA214BD6A0500B0E25C /* bg_default_preview.png */,
				381A5C9C14BD622000B0E25C /* Valtech_Logo.png */,
				38E7FB0714BC58F8000E21FA /* header_01.png */,
				38E9A16A14B313D300C11C56 /* Organizer.png */,
				6A42708414AC71E800F91472 /* CoverFlowImages */,
			);
			path = HomeScreen;
			sourceTree = "<group>";
		};
		6A42708414AC71E800F91472 /* CoverFlowImages */ = {
			isa = PBXGroup;
			children = (
				38E9A15A14B3109F00C11C56 /* track1.png */,
				38E9A15B14B3109F00C11C56 /* track2.png */,
				38E9A15C14B3109F00C11C56 /* track3.png */,
				38E9A15D14B3109F00C11C56 /* track4.png */,
				38E9A15E14B3109F00C11C56 /* track5.png */,
				38E9A15F14B3109F00C11C56 /* track6.png */,
				38E9A16014B3109F00C11C56 /* track7.png */,
			);
			path = CoverFlowImages;
			sourceTree = "<group>";
		};
		6A4270A314AC828E00F91472 /* Files */ = {
			isa = PBXGroup;
			children = (
				6A4270A414AC831700F91472 /* Speaker_1.html */,
				6A4270A614AC835C00F91472 /* Topic_1.html */,
			);
			path = Files;
			sourceTree = "<group>";
		};
		6A9F7F9614A88F5300E3F55C = {
			isa = PBXGroup;
			children = (
				6A9F7FAB14A88F5300E3F55C /* AgileConference */,
				6A9F7FCC14A88F5300E3F55C /* AgileConferenceTests */,
				6A9F7FA414A88F5300E3F55C /* Frameworks */,
				6A9F7FA214A88F5300E3F55C /* Products */,
			);
			sourceTree = "<group>";
		};
		6A9F7FA214A88F5300E3F55C /* Products */ = {
			isa = PBXGroup;
			children = (
				6A9F7FA114A88F5300E3F55C /* AgileConference.app */,
				6A9F7FC514A88F5300E3F55C /* AgileConferenceTests.octest */,
			);
			name = Products;
			sourceTree = "<group>";
		};
		6A9F7FA414A88F5300E3F55C /* Frameworks */ = {
			isa = PBXGroup;
			children = (
				3878305D14B740A10007133B /* Twitter.framework */,
				6A42707114AC713600F91472 /* OpenGLES.framework */,
				6A42706F14AC712700F91472 /* QuartzCore.framework */,
				6A42702514AC4AA000F91472 /* libsqlite3.0.dylib */,
				6AE5516914A9EF8000391597 /* CoreFoundation.framework */,
				6AE5516714A9EBA100391597 /* MobileCoreServices.framework */,
				6AE5516514A9EB8B00391597 /* SystemConfiguration.framework */,
				6AE5516314A9EB4200391597 /* CFNetwork.framework */,
				6A9F7FA514A88F5300E3F55C /* UIKit.framework */,
				6A9F7FA714A88F5300E3F55C /* Foundation.framework */,
				6A9F7FA914A88F5300E3F55C /* CoreGraphics.framework */,
				6A9F7FC614A88F5300E3F55C /* SenTestingKit.framework */,
			);
			name = Frameworks;
			sourceTree = "<group>";
		};
		6A9F7FAB14A88F5300E3F55C /* AgileConference */ = {
			isa = PBXGroup;
			children = (
				6A42707314AC71CB00F91472 /* AppController */,
				6A42705514AC70FB00F91472 /* UIViewControllers */,
				3886425D14ADE6CE005B520D /* UIViews */,
				387EDDEF14AAF14100F5B9FF /* Constants */,
				C5E0E83714AAB2440084FA2F /* Delegates */,
				C5E0E83214AAB2440084FA2F /* Network */,
				C5E0E83314AAB2440084FA2F /* Parser */,
				C5E0E83414AAB2440084FA2F /* Business */,
				C5E0E82414AAAEF70084FA2F /* Utilities */,
				6AE5515514A9DE5D00391597 /* AppSettings */,
				6A42702B14AC4D9900F91472 /* AppResources */,
				6A42703E14AC70FB00F91472 /* SupportingLibraries */,
				6A9F7FAC14A88F5300E3F55C /* Supporting Files */,
			);
			path = AgileConference;
			sourceTree = "<group>";
		};
		6A9F7FAC14A88F5300E3F55C /* Supporting Files */ = {
			isa = PBXGroup;
			children = (
				6A9F7FAD14A88F5300E3F55C /* AgileConference-Info.plist */,
				6A9F7FAE14A88F5300E3F55C /* InfoPlist.strings */,
				6A9F7FB114A88F5300E3F55C /* main.m */,
				6A9F7FB314A88F5300E3F55C /* AgileConference-Prefix.pch */,
			);
			name = "Supporting Files";
			sourceTree = "<group>";
		};
		6A9F7FCC14A88F5300E3F55C /* AgileConferenceTests */ = {
			isa = PBXGroup;
			children = (
				6A9F7FD214A88F5300E3F55C /* AgileConferenceTests.h */,
				6A9F7FD314A88F5300E3F55C /* AgileConferenceTests.m */,
				6A9F7FCD14A88F5300E3F55C /* Supporting Files */,
			);
			path = AgileConferenceTests;
			sourceTree = "<group>";
		};
		6A9F7FCD14A88F5300E3F55C /* Supporting Files */ = {
			isa = PBXGroup;
			children = (
				6A9F7FCE14A88F5300E3F55C /* AgileConferenceTests-Info.plist */,
				6A9F7FCF14A88F5300E3F55C /* InfoPlist.strings */,
			);
			name = "Supporting Files";
			sourceTree = "<group>";
		};
		6AE5515514A9DE5D00391597 /* AppSettings */ = {
			isa = PBXGroup;
			children = (
				6AE5515614A9DEBB00391597 /* ACAppSetting.h */,
				6AE5515714A9DEBB00391597 /* ACAppSetting.m */,
				388E978514BB189200C6F0D2 /* ACFacebookConnect.h */,
				388E978614BB189200C6F0D2 /* ACFacebookConnect.m */,
			);
			path = AppSettings;
			sourceTree = "<group>";
		};
		C5E0E82414AAAEF70084FA2F /* Utilities */ = {
			isa = PBXGroup;
			children = (
				6A42702214AC48B800F91472 /* SqliteDBManager.h */,
				6A42702314AC48B800F91472 /* SqliteDBManager.m */,
				C5E0E82A14AAB0C20084FA2F /* CommonUtility.h */,
				C5E0E82B14AAB0C20084FA2F /* CommonUtility.m */,
				C5E0E82C14AAB0C20084FA2F /* ViewUtility.h */,
				C5E0E82D14AAB0C20084FA2F /* ViewUtility.m */,
				6A42701B14AC442B00F91472 /* TestUtility.h */,
				6A42701C14AC442B00F91472 /* TestUtility.m */,
			);
			path = Utilities;
			sourceTree = "<group>";
		};
		C5E0E83214AAB2440084FA2F /* Network */ = {
			isa = PBXGroup;
			children = (
				C5E0E83D14AAB2F10084FA2F /* ACNetworkHandler.h */,
				C5E0E83E14AAB2F10084FA2F /* ACNetworkHandler.m */,
			);
			path = Network;
			sourceTree = "<group>";
		};
		C5E0E83314AAB2440084FA2F /* Parser */ = {
			isa = PBXGroup;
			children = (
				C5E0E84014AAB3330084FA2F /* ACXMLParser.h */,
				C5E0E84114AAB3330084FA2F /* ACXMLParser.m */,
			);
			path = Parser;
			sourceTree = "<group>";
		};
		C5E0E83414AAB2440084FA2F /* Business */ = {
			isa = PBXGroup;
			children = (
				C5E0E84E14AAB4360084FA2F /* ACOrganiser.h */,
				C5E0E84F14AAB4360084FA2F /* ACOrganiser.m */,
			);
			path = Business;
			sourceTree = "<group>";
		};
		C5E0E83714AAB2440084FA2F /* Delegates */ = {
			isa = PBXGroup;
			children = (
				C5E0E83814AAB2440084FA2F /* ACCommonDelegate.h */,
			);
			path = Delegates;
			sourceTree = "<group>";
		};
		CF770DA714AE51CD00DEAC5C /* TableCellViews */ = {
			isa = PBXGroup;
			children = (
				CF770DAD14AE523900DEAC5C /* AVEventsListTableCellView.h */,
				CF770DAE14AE523900DEAC5C /* AVEventsListTableCellView.m */,
				CF770DAA14AE521900DEAC5C /* AVEventsListCellView.h */,
				CF770DAB14AE521900DEAC5C /* AVEventsListCellView.m */,
				CF770DA814AE520100DEAC5C /* AVEventsListCellView.xib */,
				38EA874C14BEEA610007E46E /* ACEventListTeaBreakCellView.xib */,
			);
			path = TableCellViews;
			sourceTree = "<group>";
		};
/* End PBXGroup section */

/* Begin PBXNativeTarget section */
		6A9F7FA014A88F5300E3F55C /* AgileConference */ = {
			isa = PBXNativeTarget;
			buildConfigurationList = 6A9F7FD714A88F5300E3F55C /* Build configuration list for PBXNativeTarget "AgileConference" */;
			buildPhases = (
				6A9F7F9D14A88F5300E3F55C /* Sources */,
				6A9F7F9E14A88F5300E3F55C /* Frameworks */,
				6A9F7F9F14A88F5300E3F55C /* Resources */,
			);
			buildRules = (
			);
			dependencies = (
			);
			name = AgileConference;
			productName = AgileConference;
			productReference = 6A9F7FA114A88F5300E3F55C /* AgileConference.app */;
			productType = "com.apple.product-type.application";
		};
		6A9F7FC414A88F5300E3F55C /* AgileConferenceTests */ = {
			isa = PBXNativeTarget;
			buildConfigurationList = 6A9F7FDA14A88F5300E3F55C /* Build configuration list for PBXNativeTarget "AgileConferenceTests" */;
			buildPhases = (
				6A9F7FC014A88F5300E3F55C /* Sources */,
				6A9F7FC114A88F5300E3F55C /* Frameworks */,
				6A9F7FC214A88F5300E3F55C /* Resources */,
				6A9F7FC314A88F5300E3F55C /* ShellScript */,
			);
			buildRules = (
			);
			dependencies = (
				6A9F7FCB14A88F5300E3F55C /* PBXTargetDependency */,
			);
			name = AgileConferenceTests;
			productName = AgileConferenceTests;
			productReference = 6A9F7FC514A88F5300E3F55C /* AgileConferenceTests.octest */;
			productType = "com.apple.product-type.bundle";
		};
/* End PBXNativeTarget section */

/* Begin PBXProject section */
		6A9F7F9814A88F5300E3F55C /* Project object */ = {
			isa = PBXProject;
			attributes = {
				LastUpgradeCheck = 0420;
				ORGANIZATIONNAME = "Valtech India";
			};
			buildConfigurationList = 6A9F7F9B14A88F5300E3F55C /* Build configuration list for PBXProject "AgileConference" */;
			compatibilityVersion = "Xcode 3.2";
			developmentRegion = English;
			hasScannedForEncodings = 0;
			knownRegions = (
				en,
			);
			mainGroup = 6A9F7F9614A88F5300E3F55C;
			productRefGroup = 6A9F7FA214A88F5300E3F55C /* Products */;
			projectDirPath = "";
			projectRoot = "";
			targets = (
				6A9F7FA014A88F5300E3F55C /* AgileConference */,
				6A9F7FC414A88F5300E3F55C /* AgileConferenceTests */,
			);
		};
/* End PBXProject section */

/* Begin PBXResourcesBuildPhase section */
		6A9F7F9F14A88F5300E3F55C /* Resources */ = {
			isa = PBXResourcesBuildPhase;
			buildActionMask = 2147483647;
			files = (
				6A9F7FB014A88F5300E3F55C /* InfoPlist.strings in Resources */,
				6A42703714AC4E6500F91472 /* icon_app.png in Resources */,
				6A42703914AC6FD200F91472 /* AgileConference.db in Resources */,
				6A42706114AC70FC00F91472 /* popoverArrowDown.png in Resources */,
				6A42706214AC70FC00F91472 /* popoverArrowDown@2x.png in Resources */,
				6A42706314AC70FC00F91472 /* popoverArrowLeft.png in Resources */,
				6A42706414AC70FC00F91472 /* popoverArrowLeft@2x.png in Resources */,
				6A42706514AC70FC00F91472 /* popoverArrowRight.png in Resources */,
				6A42706614AC70FC00F91472 /* popoverArrowRight@2x.png in Resources */,
				6A42706714AC70FC00F91472 /* popoverArrowUp.png in Resources */,
				6A42706814AC70FC00F91472 /* popoverArrowUp@2x.png in Resources */,
				6A42706914AC70FC00F91472 /* popoverBg.png in Resources */,
				6A42706A14AC70FC00F91472 /* popoverBg@2x.png in Resources */,
				6A42706E14AC70FC00F91472 /* ACTracksEventsListViewController.xib in Resources */,
				6A42707E14AC71CB00F91472 /* ACAppController_iPad.xib in Resources */,
				6A42708214AC71CB00F91472 /* ACCustomRootViewController.xib in Resources */,
				3858C70B14AC9FA200C19AA5 /* ACSearchPopoverViewController.xib in Resources */,
				3858C71614ACB69F00C19AA5 /* linkedIcon.png in Resources */,
				3858C71814ACB6A600C19AA5 /* facebookIcon.png in Resources */,
				3858C71A14ACB6B300C19AA5 /* twitterIcon.png in Resources */,
				3858C71C14ACB6D000C19AA5 /* WriteReviewIcon.gif in Resources */,
				6A4270A014AC81CA00F91472 /* Speaker.plist in Resources */,
				6A4270A214AC821100F91472 /* Topic.plist in Resources */,
				6A4270A514AC831700F91472 /* Speaker_1.html in Resources */,
				6A4270A714AC835C00F91472 /* Topic_1.html in Resources */,
				6A4270A914AC945F00F91472 /* Favorite.plist in Resources */,
				6A4270AB14AC94E200F91472 /* Participated.plist in Resources */,
				3886425014ADCF33005B520D /* ACAppController_iPhone.xib in Resources */,
				3886427C14ADF477005B520D /* ACSearchView.xib in Resources */,
				CF770DA914AE520100DEAC5C /* AVEventsListCellView.xib in Resources */,
				CF7EA66B14AEE8CB00061E07 /* ACAboutViewController.xib in Resources */,
				CF9A268814B0C34D00568DB5 /* ACEventDetailViewController.xib in Resources */,
				38F915C014B1AFF900415109 /* ACEventsListHeaderView.xib in Resources */,
				38E384E214B1C2BC0055F31C /* A_1.png in Resources */,
				38E384E314B1C2BC0055F31C /* A_1@2x.png in Resources */,
				38E384E414B1C2BC0055F31C /* A_5.png in Resources */,
				38E384E514B1C2BC0055F31C /* A_5@2x.png in Resources */,
				38E384E614B1C2BC0055F31C /* TableHeader.png in Resources */,
				38E9A15414B2C8ED00C11C56 /* ACOrganizerView.xib in Resources */,
				38E9A15914B3046600C11C56 /* ACEventsListViewController.xib in Resources */,
				38E9A16114B3109F00C11C56 /* track1.png in Resources */,
				38E9A16214B3109F00C11C56 /* track2.png in Resources */,
				38E9A16314B3109F00C11C56 /* track3.png in Resources */,
				38E9A16414B3109F00C11C56 /* track4.png in Resources */,
				38E9A16514B3109F00C11C56 /* track5.png in Resources */,
				38E9A16614B3109F00C11C56 /* track6.png in Resources */,
				38E9A16714B3109F00C11C56 /* track7.png in Resources */,
				38E9A16B14B313D300C11C56 /* Organizer.png in Resources */,
				38E9A17214B3230700C11C56 /* Availability.png in Resources */,
				38E9A17414B3245800C11C56 /* clock-1.png in Resources */,
				38E9A17614B3283E00C11C56 /* keynote-icon-300x300.png in Resources */,
				38E9A17814B3326900C11C56 /* Activity_indicator-150x150.png in Resources */,
				38F9B4C214B42CD900696426 /* show-result-BTN.png in Resources */,
				38F9B4C714B42E4100696426 /* ACEventDescriptionWebviewController.xib in Resources */,
				38360E3514B48910006378AA /* bg_createProject_frame.png in Resources */,
				38360E3714B489B0006378AA /* button_close.png in Resources */,
				38360E3914B49002006378AA /* images.png in Resources */,
				38E11CFA14B6CCB60001AC63 /* bg_moderator_notes1.png in Resources */,
				38E11CFC14B6D1F40001AC63 /* ViewDetail.png in Resources */,
				38E11CFE14B6D4230001AC63 /* btn_active_website_comment.png in Resources */,
				38E11D0014B6EEF80001AC63 /* right_arrow.png in Resources */,
				38782FB814B719BD0007133B /* Favorites.png in Resources */,
				3878300914B723740007133B /* ACSplashView.xib in Resources */,
				38E7FAE514BC0268000E21FA /* ACFacebookShareView.xib in Resources */,
				38E7FAE814BC0661000E21FA /* Screen shot 2012-01-10 at 11.05.19 AM.png in Resources */,
				38E7FAEA14BC3627000E21FA /* Cancel.png in Resources */,
				38E7FB0814BC58F8000E21FA /* header_01.png in Resources */,
				3847DBE114BC78B900A8D542 /* bg.png in Resources */,
				3847DBE514BC79B000A8D542 /* agile.png in Resources */,
				381A5C9A14BD5E8C00B0E25C /* btn_blank_blue.png in Resources */,
				381A5C9D14BD622000B0E25C /* Valtech_Logo.png in Resources */,
				381A5CA314BD6A0500B0E25C /* bg_default_preview.png in Resources */,
				381A5CA514BD8CD000B0E25C /* AboutTextViewBG.png in Resources */,
				381A5CB114BDA66F00B0E25C /* ACFeedbackViewController.xib in Resources */,
				38EA874414BEACE30007E46E /* Screen shot 2012-01-12 at 11.22.12 AM.png in Resources */,
				38EA874714BEB72E0007E46E /* cancelFB.png in Resources */,
				38EA874D14BEEA610007E46E /* ACEventListTeaBreakCellView.xib in Resources */,
				384D9A1F14C404B9001D0DC9 /* ACRateView.xib in Resources */,
				384D9A2714C404FD001D0DC9 /* kermit_empty.png in Resources */,
				384D9A2914C408BC001D0DC9 /* kermit_full.png in Resources */,
				38EA0B2F14C5426A002BCAEC /* Catalog.plist in Resources */,
			);
			runOnlyForDeploymentPostprocessing = 0;
		};
		6A9F7FC214A88F5300E3F55C /* Resources */ = {
			isa = PBXResourcesBuildPhase;
			buildActionMask = 2147483647;
			files = (
				6A9F7FD114A88F5300E3F55C /* InfoPlist.strings in Resources */,
			);
			runOnlyForDeploymentPostprocessing = 0;
		};
/* End PBXResourcesBuildPhase section */

/* Begin PBXShellScriptBuildPhase section */
		6A9F7FC314A88F5300E3F55C /* ShellScript */ = {
			isa = PBXShellScriptBuildPhase;
			buildActionMask = 2147483647;
			files = (
			);
			inputPaths = (
			);
			outputPaths = (
			);
			runOnlyForDeploymentPostprocessing = 0;
			shellPath = /bin/sh;
			shellScript = "# Run the unit tests in this test bundle.\n\"${SYSTEM_DEVELOPER_DIR}/Tools/RunUnitTests\"\n";
		};
/* End PBXShellScriptBuildPhase section */

/* Begin PBXSourcesBuildPhase section */
		6A9F7F9D14A88F5300E3F55C /* Sources */ = {
			isa = PBXSourcesBuildPhase;
			buildActionMask = 2147483647;
			files = (
				6A9F7FB214A88F5300E3F55C /* main.m in Sources */,
				6AE5515814A9DEBB00391597 /* ACAppSetting.m in Sources */,
				C5E0E82E14AAB0C20084FA2F /* CommonUtility.m in Sources */,
				C5E0E82F14AAB0C20084FA2F /* ViewUtility.m in Sources */,
				C5E0E83F14AAB2F10084FA2F /* ACNetworkHandler.m in Sources */,
				C5E0E84214AAB3330084FA2F /* ACXMLParser.m in Sources */,
				C5E0E85014AAB4360084FA2F /* ACOrganiser.m in Sources */,
				6A42701D14AC442B00F91472 /* TestUtility.m in Sources */,
				6A42702414AC48B800F91472 /* SqliteDBManager.m in Sources */,
				6A42705F14AC70FC00F91472 /* DataCache.m in Sources */,
				6A42706014AC70FC00F91472 /* FlowCoverView.m in Sources */,
				6A42706B14AC70FC00F91472 /* WEPopoverContainerView.m in Sources */,
				6A42706C14AC70FC00F91472 /* WEPopoverController.m in Sources */,
				6A42707D14AC71CB00F91472 /* ACAppController.m in Sources */,
				6A42708014AC71CB00F91472 /* ACAppDelegate.m in Sources */,
				6A42708114AC71CB00F91472 /* ACCustomRootViewController.m in Sources */,
				3858C70A14AC9FA200C19AA5 /* ACSearchPopoverViewController.m in Sources */,
				3886427014ADE9F9005B520D /* ACSearchView.m in Sources */,
				CF770DAC14AE521900DEAC5C /* AVEventsListCellView.m in Sources */,
				CF770DAF14AE523900DEAC5C /* AVEventsListTableCellView.m in Sources */,
				CF7EA66A14AEE8CB00061E07 /* ACAboutViewController.m in Sources */,
				CF9A268714B0C34D00568DB5 /* ACEventDetailViewController.m in Sources */,
				38F915C314B1B22100415109 /* ACEventsListHeaderView.m in Sources */,
				38E9A15214B2C8D900C11C56 /* ACOrganizerView.m in Sources */,
				38E9A15814B3046600C11C56 /* ACEventsListViewController.m in Sources */,
				38F9B4C614B42E4100696426 /* ACEventDescriptionWebviewController.m in Sources */,
				38360E3114B473AB006378AA /* ACTracksEventsListViewController.m in Sources */,
				3878300714B723530007133B /* ACSplashView.m in Sources */,
				388E977C14BB171500C6F0D2 /* FbGraph.m in Sources */,
				388E977D14BB171500C6F0D2 /* FbGraphFile.m in Sources */,
				388E977E14BB171500C6F0D2 /* FbGraphResponse.m in Sources */,
				388E977F14BB171500C6F0D2 /* NSObject+SBJSON.m in Sources */,
				388E978014BB171500C6F0D2 /* NSString+SBJSON.m in Sources */,
				388E978114BB171500C6F0D2 /* SBJSON.m in Sources */,
				388E978214BB171500C6F0D2 /* SBJsonBase.m in Sources */,
				388E978314BB171500C6F0D2 /* SBJsonParser.m in Sources */,
				388E978414BB171500C6F0D2 /* SBJsonWriter.m in Sources */,
				388E978714BB189200C6F0D2 /* ACFacebookConnect.m in Sources */,
				38E7FAE214BC0243000E21FA /* ACFacebookShareView.m in Sources */,
				381A5CB014BDA66F00B0E25C /* ACFeedbackViewController.m in Sources */,
				384D9A2314C404D1001D0DC9 /* ACRateView.m in Sources */,
			);
			runOnlyForDeploymentPostprocessing = 0;
		};
		6A9F7FC014A88F5300E3F55C /* Sources */ = {
			isa = PBXSourcesBuildPhase;
			buildActionMask = 2147483647;
			files = (
				6A9F7FD414A88F5300E3F55C /* AgileConferenceTests.m in Sources */,
			);
			runOnlyForDeploymentPostprocessing = 0;
		};
/* End PBXSourcesBuildPhase section */

/* Begin PBXTargetDependency section */
		6A9F7FCB14A88F5300E3F55C /* PBXTargetDependency */ = {
			isa = PBXTargetDependency;
			target = 6A9F7FA014A88F5300E3F55C /* AgileConference */;
			targetProxy = 6A9F7FCA14A88F5300E3F55C /* PBXContainerItemProxy */;
		};
/* End PBXTargetDependency section */

/* Begin PBXVariantGroup section */
		6A9F7FAE14A88F5300E3F55C /* InfoPlist.strings */ = {
			isa = PBXVariantGroup;
			children = (
				6A9F7FAF14A88F5300E3F55C /* en */,
			);
			name = InfoPlist.strings;
			sourceTree = "<group>";
		};
		6A9F7FCF14A88F5300E3F55C /* InfoPlist.strings */ = {
			isa = PBXVariantGroup;
			children = (
				6A9F7FD014A88F5300E3F55C /* en */,
			);
			name = InfoPlist.strings;
			sourceTree = "<group>";
		};
/* End PBXVariantGroup section */

/* Begin XCBuildConfiguration section */
		6A9F7FD614A88F5300E3F55C /* Release */ = {
			isa = XCBuildConfiguration;
			buildSettings = {
				ALWAYS_SEARCH_USER_PATHS = NO;
				ARCHS = "$(ARCHS_STANDARD_32_BIT)";
				CLANG_ENABLE_OBJC_ARC = YES;
				CODE_SIGN_IDENTITY = "iPhone Developer";
				"CODE_SIGN_IDENTITY[sdk=iphoneos*]" = "iPhone Developer";
				COPY_PHASE_STRIP = YES;
				GCC_C_LANGUAGE_STANDARD = gnu99;
				GCC_VERSION = com.apple.compilers.llvm.clang.1_0;
				GCC_WARN_ABOUT_MISSING_PROTOTYPES = YES;
				GCC_WARN_ABOUT_RETURN_TYPE = YES;
				GCC_WARN_UNUSED_VARIABLE = YES;
				IPHONEOS_DEPLOYMENT_TARGET = 3.0;
				OTHER_CFLAGS = "-DNS_BLOCK_ASSERTIONS=1";
				PROVISIONING_PROFILE = "";
				SDKROOT = iphoneos;
				TARGETED_DEVICE_FAMILY = "1,2";
				VALIDATE_PRODUCT = YES;
			};
			name = Release;
		};
		6A9F7FD914A88F5300E3F55C /* Release */ = {
			isa = XCBuildConfiguration;
			buildSettings = {
				GCC_PRECOMPILE_PREFIX_HEADER = YES;
				GCC_PREFIX_HEADER = "AgileConference/AgileConference-Prefix.pch";
				INFOPLIST_FILE = "AgileConference/AgileConference-Info.plist";
				PRODUCT_NAME = "$(TARGET_NAME)";
				TARGETED_DEVICE_FAMILY = 1;
				WRAPPER_EXTENSION = app;
			};
			name = Release;
		};
		6A9F7FDC14A88F5300E3F55C /* Release */ = {
			isa = XCBuildConfiguration;
			buildSettings = {
				BUNDLE_LOADER = "$(BUILT_PRODUCTS_DIR)/AgileConference.app/AgileConference";
				FRAMEWORK_SEARCH_PATHS = (
					"$(SDKROOT)/Developer/Library/Frameworks",
					"$(DEVELOPER_LIBRARY_DIR)/Frameworks",
				);
				GCC_PRECOMPILE_PREFIX_HEADER = YES;
				GCC_PREFIX_HEADER = "AgileConference/AgileConference-Prefix.pch";
				INFOPLIST_FILE = "AgileConferenceTests/AgileConferenceTests-Info.plist";
				PRODUCT_NAME = "$(TARGET_NAME)";
				TEST_HOST = "$(BUNDLE_LOADER)";
				WRAPPER_EXTENSION = octest;
			};
			name = Release;
		};
/* End XCBuildConfiguration section */

/* Begin XCConfigurationList section */
		6A9F7F9B14A88F5300E3F55C /* Build configuration list for PBXProject "AgileConference" */ = {
			isa = XCConfigurationList;
			buildConfigurations = (
				6A9F7FD614A88F5300E3F55C /* Release */,
			);
			defaultConfigurationIsVisible = 0;
			defaultConfigurationName = Release;
		};
		6A9F7FD714A88F5300E3F55C /* Build configuration list for PBXNativeTarget "AgileConference" */ = {
			isa = XCConfigurationList;
			buildConfigurations = (
				6A9F7FD914A88F5300E3F55C /* Release */,
			);
			defaultConfigurationIsVisible = 0;
			defaultConfigurationName = Release;
		};
		6A9F7FDA14A88F5300E3F55C /* Build configuration list for PBXNativeTarget "AgileConferenceTests" */ = {
			isa = XCConfigurationList;
			buildConfigurations = (
				6A9F7FDC14A88F5300E3F55C /* Release */,
			);
			defaultConfigurationIsVisible = 0;
			defaultConfigurationName = Release;
		};
/* End XCConfigurationList section */
	};
	rootObject = 6A9F7F9814A88F5300E3F55C /* Project object */;
}
